{
  "object": {
    "pins": [
      {
        "package": "SQLite.swift",
        "repositoryURL": "https://github.com/stephencelis/SQLite.swift.git",
        "state": {
          "branch": null,
          "revision": "2c4af8526e112e3a23df141e988d08a28e475ecd",
          "version": "0.14.0"
        }
      }
    ]
  },
  "version": 1
}
