{
  "object": {
    "pins": [
      {
        "package": "SQLite.swift",
        "repositoryURL": "https://github.com/stephencelis/SQLite.swift.git",
        "state": {
          "branch": null,
          "revision": "392dd6058624d9f6c5b4c769d165ddd8c7293394",
          "version": "0.15.4"
        }
      }
    ]
  },
  "version": 1
}
