// !$*UTF8*$!
{
	archiveVersion = 1;
	classes = {
	};
	objectVersion = 52;
	objects = {

/* Begin PBXBuildFile section */
		02860A1AC3334896837E96B7 /* OpenSans-SemiBoldItalic.ttf in Resources */ = {isa = PBXBuildFile; fileRef = 0DB14DFDF6E04FA69FE769DC /* OpenSans-SemiBoldItalic.ttf */; };
		13B07FBC1A68108700A75B9A /* AppDelegate.mm in Sources */ = {isa = PBXBuildFile; fileRef = 13B07FB01A68108700A75B9A /* AppDelegate.mm */; };
		13B07FBF1A68108700A75B9A /* Images.xcassets in Resources */ = {isa = PBXBuildFile; fileRef = 13B07FB51A68108700A75B9A /* Images.xcassets */; };
		13B07FC11A68108700A75B9A /* main.m in Sources */ = {isa = PBXBuildFile; fileRef = 13B07FB71A68108700A75B9A /* main.m */; };
		4953BF602368AE8600593328 /* SwimeProxy.swift in Sources */ = {isa = PBXBuildFile; fileRef = 4953BF5F2368AE8600593328 /* SwimeProxy.swift */; };
		49AE370126D4455D00EF4E52 /* Gekidou in Frameworks */ = {isa = PBXBuildFile; productRef = 49AE370026D4455D00EF4E52 /* Gekidou */; };
		49B4C050230C981C006E919E /* libUploadAttachments.a in Frameworks */ = {isa = PBXBuildFile; fileRef = 7FABE04522137F2A00D0F595 /* libUploadAttachments.a */; };
		536CC6C323E79287002C478C /* RNNotificationEventHandler+HandleReplyAction.m in Sources */ = {isa = PBXBuildFile; fileRef = 536CC6C123E79287002C478C /* RNNotificationEventHandler+HandleReplyAction.m */; };
		58495E36BF1A4EAB93609E57 /* Metropolis-SemiBold.ttf in Resources */ = {isa = PBXBuildFile; fileRef = 54956DEFEBB74EF78C3A6AE5 /* Metropolis-SemiBold.ttf */; };
		6C9B1EFD6561083917AF06CF /* libPods-Mattermost.a in Frameworks */ = {isa = PBXBuildFile; fileRef = 8DEEFB3ED6175724A2653247 /* libPods-Mattermost.a */; };
		7F0F4B0A24BA173900E14C60 /* LaunchScreen.storyboard in Resources */ = {isa = PBXBuildFile; fileRef = 7F0F4B0924BA173900E14C60 /* LaunchScreen.storyboard */; };
		7F151D3E221B062700FAD8F3 /* RuntimeUtils.swift in Sources */ = {isa = PBXBuildFile; fileRef = 7F151D3D221B062700FAD8F3 /* RuntimeUtils.swift */; };
		7F1EB88527FDE361002E7EEC /* GekidouWrapper.swift in Sources */ = {isa = PBXBuildFile; fileRef = 7F1EB88427FDE361002E7EEC /* GekidouWrapper.swift */; };
		7F292A711E8AB73400A450A3 /* SplashScreenResource in Resources */ = {isa = PBXBuildFile; fileRef = 7F292A701E8AB73400A450A3 /* SplashScreenResource */; };
		7F581D35221ED5C60099E66B /* NotificationService.swift in Sources */ = {isa = PBXBuildFile; fileRef = 7F581D34221ED5C60099E66B /* NotificationService.swift */; };
		7F581D39221ED5C60099E66B /* NotificationService.appex in Embed App Extensions */ = {isa = PBXBuildFile; fileRef = 7F581D32221ED5C60099E66B /* NotificationService.appex */; settings = {ATTRIBUTES = (RemoveHeadersOnCopy, ); }; };
		7F581F78221EEA7C0099E66B /* libUploadAttachments.a in Frameworks */ = {isa = PBXBuildFile; fileRef = 7FABE04522137F2A00D0F595 /* libUploadAttachments.a */; };
		7F98836227FD46A9001C9BFC /* Gekidou in Frameworks */ = {isa = PBXBuildFile; productRef = 7F98836127FD46A9001C9BFC /* Gekidou */; };
		7FB31F812710995B0032E2E5 /* Metropolis-Light.ttf in Resources */ = {isa = PBXBuildFile; fileRef = 7F25B626270F666D00F32373 /* Metropolis-Light.ttf */; };
		7FB31F822710996D0032E2E5 /* Metropolis-Regular.ttf in Resources */ = {isa = PBXBuildFile; fileRef = 7F25B628270F666D00F32373 /* Metropolis-Regular.ttf */; };
		7FB31F842710996D0032E2E5 /* OpenSans-Bold.ttf in Resources */ = {isa = PBXBuildFile; fileRef = D4B1B363C2414DA19C1AC521 /* OpenSans-Bold.ttf */; };
		7FB31F852710996D0032E2E5 /* OpenSans-BoldItalic.ttf in Resources */ = {isa = PBXBuildFile; fileRef = 32AC3D4EA79E44738A6E9766 /* OpenSans-BoldItalic.ttf */; };
		7FB31F862710996D0032E2E5 /* OpenSans-ExtraBold.ttf in Resources */ = {isa = PBXBuildFile; fileRef = 3647DF63D6764CF093375861 /* OpenSans-ExtraBold.ttf */; };
		7FB31F872710996D0032E2E5 /* OpenSans-ExtraBoldItalic.ttf in Resources */ = {isa = PBXBuildFile; fileRef = FBBEC29EE2D3418D9AC33BD5 /* OpenSans-ExtraBoldItalic.ttf */; };
		7FB31F882710996D0032E2E5 /* OpenSans-Italic.ttf in Resources */ = {isa = PBXBuildFile; fileRef = 41F3AFE83AAF4B74878AB78A /* OpenSans-Italic.ttf */; };
		7FB31F892710996D0032E2E5 /* OpenSans-Light.ttf in Resources */ = {isa = PBXBuildFile; fileRef = 6561AEAC21CC40B8A72ABB93 /* OpenSans-Light.ttf */; };
		7FB31F8A2710996D0032E2E5 /* OpenSans-LightItalic.ttf in Resources */ = {isa = PBXBuildFile; fileRef = BE17F630DB5D41FD93F32D22 /* OpenSans-LightItalic.ttf */; };
		7FB31F8B2710996D0032E2E5 /* OpenSans-Regular.ttf in Resources */ = {isa = PBXBuildFile; fileRef = BC977883E2624E05975CA65B /* OpenSans-Regular.ttf */; };
		7FB31F8E2710996D0032E2E5 /* compass-icons.ttf in Resources */ = {isa = PBXBuildFile; fileRef = 531BEBC52513E93C00BC05B1 /* compass-icons.ttf */; };
		7FCEFB9326B7934F006DC1DE /* SDWebImageDownloaderOperation+Swizzle.m in Sources */ = {isa = PBXBuildFile; fileRef = 7FCEFB9226B7934F006DC1DE /* SDWebImageDownloaderOperation+Swizzle.m */; };
		7FEB109D1F61019C0039A015 /* MattermostManaged.m in Sources */ = {isa = PBXBuildFile; fileRef = 7FEB109A1F61019C0039A015 /* MattermostManaged.m */; };
		A94508A396424B2DB778AFE9 /* OpenSans-SemiBold.ttf in Resources */ = {isa = PBXBuildFile; fileRef = E5C16B14E1CE4868886A1A00 /* OpenSans-SemiBold.ttf */; };
/* End PBXBuildFile section */

/* Begin PBXContainerItemProxy section */
		7F581D37221ED5C60099E66B /* PBXContainerItemProxy */ = {
			isa = PBXContainerItemProxy;
			containerPortal = 83CBB9F71A601CBA00E9B192 /* Project object */;
			proxyType = 1;
			remoteGlobalIDString = 7F581D31221ED5C60099E66B;
			remoteInfo = NotificationService;
		};
		7FAB45B9222DD0E300EBFFC8 /* PBXContainerItemProxy */ = {
			isa = PBXContainerItemProxy;
			containerPortal = 7FABE04022137F2900D0F595 /* UploadAttachments.xcodeproj */;
			proxyType = 1;
			remoteGlobalIDString = 7FABE03522137F2900D0F595;
			remoteInfo = UploadAttachments;
		};
		7FABE04422137F2A00D0F595 /* PBXContainerItemProxy */ = {
			isa = PBXContainerItemProxy;
			containerPortal = 7FABE04022137F2900D0F595 /* UploadAttachments.xcodeproj */;
			proxyType = 2;
			remoteGlobalIDString = 7FABE03622137F2900D0F595;
			remoteInfo = UploadAttachments;
		};
		7FE5F961227739E600FEFFE1 /* PBXContainerItemProxy */ = {
			isa = PBXContainerItemProxy;
			containerPortal = 7FABE04022137F2900D0F595 /* UploadAttachments.xcodeproj */;
			proxyType = 1;
			remoteGlobalIDString = 7FABE03522137F2900D0F595;
			remoteInfo = UploadAttachments;
		};
/* End PBXContainerItemProxy section */

/* Begin PBXCopyFilesBuildPhase section */
		37DA4BA41E6F55AD002B058E /* Embed Frameworks */ = {
			isa = PBXCopyFilesBuildPhase;
			buildActionMask = 2147483647;
			dstPath = "";
			dstSubfolderSpec = 10;
			files = (
			);
			name = "Embed Frameworks";
			runOnlyForDeploymentPostprocessing = 0;
		};
		7FFE32A91FD9CB650038C7A0 /* Embed App Extensions */ = {
			isa = PBXCopyFilesBuildPhase;
			buildActionMask = 2147483647;
			dstPath = "";
			dstSubfolderSpec = 13;
			files = (
				7F581D39221ED5C60099E66B /* NotificationService.appex in Embed App Extensions */,
			);
			name = "Embed App Extensions";
			runOnlyForDeploymentPostprocessing = 0;
		};
/* End PBXCopyFilesBuildPhase section */

/* Begin PBXFileReference section */
		00E356F11AD99517003FC87E /* Info.plist */ = {isa = PBXFileReference; lastKnownFileType = text.plist.xml; path = Info.plist; sourceTree = "<group>"; };
		00E356F21AD99517003FC87E /* MattermostTests.m */ = {isa = PBXFileReference; lastKnownFileType = sourcecode.c.objc; path = MattermostTests.m; sourceTree = "<group>"; };
		0DB14DFDF6E04FA69FE769DC /* OpenSans-SemiBoldItalic.ttf */ = {isa = PBXFileReference; explicitFileType = undefined; fileEncoding = 9; includeInIndex = 0; lastKnownFileType = unknown; name = "OpenSans-SemiBoldItalic.ttf"; path = "../assets/fonts/OpenSans-SemiBoldItalic.ttf"; sourceTree = "<group>"; };
		13B07F961A680F5B00A75B9A /* Mattermost.app */ = {isa = PBXFileReference; explicitFileType = wrapper.application; includeInIndex = 0; path = Mattermost.app; sourceTree = BUILT_PRODUCTS_DIR; };
		13B07FAF1A68108700A75B9A /* AppDelegate.h */ = {isa = PBXFileReference; fileEncoding = 4; lastKnownFileType = sourcecode.c.h; name = AppDelegate.h; path = Mattermost/AppDelegate.h; sourceTree = "<group>"; };
		13B07FB01A68108700A75B9A /* AppDelegate.mm */ = {isa = PBXFileReference; fileEncoding = 4; lastKnownFileType = sourcecode.cpp.objcpp; name = AppDelegate.mm; path = Mattermost/AppDelegate.mm; sourceTree = "<group>"; };
		13B07FB51A68108700A75B9A /* Images.xcassets */ = {isa = PBXFileReference; lastKnownFileType = folder.assetcatalog; name = Images.xcassets; path = Mattermost/Images.xcassets; sourceTree = "<group>"; };
		13B07FB61A68108700A75B9A /* Info.plist */ = {isa = PBXFileReference; fileEncoding = 4; lastKnownFileType = text.plist.xml; name = Info.plist; path = Mattermost/Info.plist; sourceTree = "<group>"; };
		13B07FB71A68108700A75B9A /* main.m */ = {isa = PBXFileReference; fileEncoding = 4; lastKnownFileType = sourcecode.c.objc; name = main.m; path = Mattermost/main.m; sourceTree = "<group>"; };
		182D203F539AF68F1647EFAF /* Pods-Mattermost-MattermostTests.release.xcconfig */ = {isa = PBXFileReference; includeInIndex = 1; lastKnownFileType = text.xcconfig; name = "Pods-Mattermost-MattermostTests.release.xcconfig"; path = "Target Support Files/Pods-Mattermost-MattermostTests/Pods-Mattermost-MattermostTests.release.xcconfig"; sourceTree = "<group>"; };
		25BF2BACE89201DE6E585B7E /* Pods-Mattermost.release.xcconfig */ = {isa = PBXFileReference; includeInIndex = 1; lastKnownFileType = text.xcconfig; name = "Pods-Mattermost.release.xcconfig"; path = "Target Support Files/Pods-Mattermost/Pods-Mattermost.release.xcconfig"; sourceTree = "<group>"; };
		297AAFCCF0BD99FC109DA2BC /* Pods-MattermostTests.release.xcconfig */ = {isa = PBXFileReference; includeInIndex = 1; lastKnownFileType = text.xcconfig; name = "Pods-MattermostTests.release.xcconfig"; path = "Target Support Files/Pods-MattermostTests/Pods-MattermostTests.release.xcconfig"; sourceTree = "<group>"; };
		32AC3D4EA79E44738A6E9766 /* OpenSans-BoldItalic.ttf */ = {isa = PBXFileReference; explicitFileType = undefined; fileEncoding = 9; includeInIndex = 0; lastKnownFileType = unknown; name = "OpenSans-BoldItalic.ttf"; path = "../assets/fonts/OpenSans-BoldItalic.ttf"; sourceTree = "<group>"; };
		3647DF63D6764CF093375861 /* OpenSans-ExtraBold.ttf */ = {isa = PBXFileReference; explicitFileType = undefined; fileEncoding = 9; includeInIndex = 0; lastKnownFileType = unknown; name = "OpenSans-ExtraBold.ttf"; path = "../assets/fonts/OpenSans-ExtraBold.ttf"; sourceTree = "<group>"; };
		41F3AFE83AAF4B74878AB78A /* OpenSans-Italic.ttf */ = {isa = PBXFileReference; explicitFileType = undefined; fileEncoding = 9; includeInIndex = 0; lastKnownFileType = unknown; name = "OpenSans-Italic.ttf"; path = "../assets/fonts/OpenSans-Italic.ttf"; sourceTree = "<group>"; };
		4953BF5F2368AE8600593328 /* SwimeProxy.swift */ = {isa = PBXFileReference; lastKnownFileType = sourcecode.swift; name = SwimeProxy.swift; path = Mattermost/SwimeProxy.swift; sourceTree = "<group>"; };
		495BC95F23565ABF00C40C83 /* libXCDYouTubeKit.a */ = {isa = PBXFileReference; explicitFileType = archive.ar; path = libXCDYouTubeKit.a; sourceTree = BUILT_PRODUCTS_DIR; };
		495BC96123565ADD00C40C83 /* libYoutubePlayer-in-WKWebView.a */ = {isa = PBXFileReference; explicitFileType = archive.ar; path = "libYoutubePlayer-in-WKWebView.a"; sourceTree = BUILT_PRODUCTS_DIR; };
		499F7B3F235513F600E7AF6E /* libXCDYouTubeKit.a */ = {isa = PBXFileReference; explicitFileType = archive.ar; path = libXCDYouTubeKit.a; sourceTree = BUILT_PRODUCTS_DIR; };
		499F7B412355141200E7AF6E /* libYoutubePlayer-in-WKWebView.a */ = {isa = PBXFileReference; explicitFileType = archive.ar; path = "libYoutubePlayer-in-WKWebView.a"; sourceTree = BUILT_PRODUCTS_DIR; };
		49AE36FB26D4452900EF4E52 /* Gekidou */ = {isa = PBXFileReference; lastKnownFileType = folder; path = Gekidou; sourceTree = "<group>"; };
		49B4BF51230C83D2006E919E /* libz.1.dylib */ = {isa = PBXFileReference; lastKnownFileType = "compiled.mach-o.dylib"; name = libz.1.dylib; path = ../../../../../../../../../usr/lib/libz.1.dylib; sourceTree = "<group>"; };
		531BEBC52513E93C00BC05B1 /* compass-icons.ttf */ = {isa = PBXFileReference; lastKnownFileType = file; name = "compass-icons.ttf"; path = "../assets/fonts/compass-icons.ttf"; sourceTree = "<group>"; };
		536CC6C123E79287002C478C /* RNNotificationEventHandler+HandleReplyAction.m */ = {isa = PBXFileReference; fileEncoding = 4; lastKnownFileType = sourcecode.c.objc; name = "RNNotificationEventHandler+HandleReplyAction.m"; path = "Mattermost/RNNotificationEventHandler+HandleReplyAction.m"; sourceTree = "<group>"; };
		536CC6C223E79287002C478C /* RNNotificationEventHandler+HandleReplyAction.h */ = {isa = PBXFileReference; fileEncoding = 4; lastKnownFileType = sourcecode.c.h; name = "RNNotificationEventHandler+HandleReplyAction.h"; path = "Mattermost/RNNotificationEventHandler+HandleReplyAction.h"; sourceTree = "<group>"; };
		54956DEFEBB74EF78C3A6AE5 /* Metropolis-SemiBold.ttf */ = {isa = PBXFileReference; explicitFileType = undefined; fileEncoding = 9; includeInIndex = 0; lastKnownFileType = unknown; name = "Metropolis-SemiBold.ttf"; path = "../assets/fonts/Metropolis-SemiBold.ttf"; sourceTree = "<group>"; };
		57CB4735B7E57B50D0B50E16 /* Pods-MattermostTests.debug.xcconfig */ = {isa = PBXFileReference; includeInIndex = 1; lastKnownFileType = text.xcconfig; name = "Pods-MattermostTests.debug.xcconfig"; path = "Target Support Files/Pods-MattermostTests/Pods-MattermostTests.debug.xcconfig"; sourceTree = "<group>"; };
		6561AEAC21CC40B8A72ABB93 /* OpenSans-Light.ttf */ = {isa = PBXFileReference; explicitFileType = undefined; fileEncoding = 9; includeInIndex = 0; lastKnownFileType = unknown; name = "OpenSans-Light.ttf"; path = "../assets/fonts/OpenSans-Light.ttf"; sourceTree = "<group>"; };
		6BAF8296411D4657B5A0E8F8 /* libRNReactNativeDocViewer.a */ = {isa = PBXFileReference; explicitFileType = undefined; fileEncoding = 9; includeInIndex = 0; lastKnownFileType = archive.ar; path = libRNReactNativeDocViewer.a; sourceTree = "<group>"; };
		7F0F4B0924BA173900E14C60 /* LaunchScreen.storyboard */ = {isa = PBXFileReference; lastKnownFileType = file.storyboard; name = LaunchScreen.storyboard; path = SplashScreenResource/LaunchScreen.storyboard; sourceTree = "<group>"; };
		7F151D3D221B062700FAD8F3 /* RuntimeUtils.swift */ = {isa = PBXFileReference; fileEncoding = 4; lastKnownFileType = sourcecode.swift; name = RuntimeUtils.swift; path = Mattermost/RuntimeUtils.swift; sourceTree = "<group>"; };
		7F151D43221B082A00FAD8F3 /* Mattermost-Bridging-Header.h */ = {isa = PBXFileReference; fileEncoding = 4; lastKnownFileType = sourcecode.c.h; name = "Mattermost-Bridging-Header.h"; path = "Mattermost/Mattermost-Bridging-Header.h"; sourceTree = "<group>"; };
		7F1EB88427FDE361002E7EEC /* GekidouWrapper.swift */ = {isa = PBXFileReference; lastKnownFileType = sourcecode.swift; path = GekidouWrapper.swift; sourceTree = "<group>"; };
		7F25B626270F666D00F32373 /* Metropolis-Light.ttf */ = {isa = PBXFileReference; lastKnownFileType = file; name = "Metropolis-Light.ttf"; path = "../assets/fonts/Metropolis-Light.ttf"; sourceTree = "<group>"; };
		7F25B628270F666D00F32373 /* Metropolis-Regular.ttf */ = {isa = PBXFileReference; lastKnownFileType = file; name = "Metropolis-Regular.ttf"; path = "../assets/fonts/Metropolis-Regular.ttf"; sourceTree = "<group>"; };
		7F292A701E8AB73400A450A3 /* SplashScreenResource */ = {isa = PBXFileReference; lastKnownFileType = folder; path = SplashScreenResource; sourceTree = "<group>"; };
		7F325D6DAAF1047EB948EFF7 /* Pods-Mattermost-MattermostTests.debug.xcconfig */ = {isa = PBXFileReference; includeInIndex = 1; lastKnownFileType = text.xcconfig; name = "Pods-Mattermost-MattermostTests.debug.xcconfig"; path = "Target Support Files/Pods-Mattermost-MattermostTests/Pods-Mattermost-MattermostTests.debug.xcconfig"; sourceTree = "<group>"; };
		7F43D6051F6BF9EB001FC614 /* libPods-Mattermost.a */ = {isa = PBXFileReference; lastKnownFileType = archive.ar; name = "libPods-Mattermost.a"; path = "../../../../../../../Library/Developer/Xcode/DerivedData/Mattermost-czlinsdviifujheezzjvmisotjrm/Build/Products/Debug-iphonesimulator/libPods-Mattermost.a"; sourceTree = "<group>"; };
		7F581D32221ED5C60099E66B /* NotificationService.appex */ = {isa = PBXFileReference; explicitFileType = "wrapper.app-extension"; includeInIndex = 0; path = NotificationService.appex; sourceTree = BUILT_PRODUCTS_DIR; };
		7F581D34221ED5C60099E66B /* NotificationService.swift */ = {isa = PBXFileReference; lastKnownFileType = sourcecode.swift; path = NotificationService.swift; sourceTree = "<group>"; };
		7F581D36221ED5C60099E66B /* Info.plist */ = {isa = PBXFileReference; lastKnownFileType = text.plist.xml; path = Info.plist; sourceTree = "<group>"; };
		7F581F77221EEA5A0099E66B /* NotificationService.entitlements */ = {isa = PBXFileReference; lastKnownFileType = text.plist.entitlements; path = NotificationService.entitlements; sourceTree = "<group>"; };
		7F63D2C21E6DD98A001FAE12 /* Mattermost.entitlements */ = {isa = PBXFileReference; lastKnownFileType = text.plist.entitlements; name = Mattermost.entitlements; path = Mattermost/Mattermost.entitlements; sourceTree = "<group>"; };
		7FABE04022137F2900D0F595 /* UploadAttachments.xcodeproj */ = {isa = PBXFileReference; lastKnownFileType = "wrapper.pb-project"; name = UploadAttachments.xcodeproj; path = UploadAttachments/UploadAttachments.xcodeproj; sourceTree = "<group>"; };
		7FCEFB9126B7934F006DC1DE /* SDWebImageDownloaderOperation+Swizzle.h */ = {isa = PBXFileReference; lastKnownFileType = sourcecode.c.h; name = "SDWebImageDownloaderOperation+Swizzle.h"; path = "Mattermost/SDWebImageDownloaderOperation+Swizzle.h"; sourceTree = "<group>"; };
		7FCEFB9226B7934F006DC1DE /* SDWebImageDownloaderOperation+Swizzle.m */ = {isa = PBXFileReference; lastKnownFileType = sourcecode.c.objc; name = "SDWebImageDownloaderOperation+Swizzle.m"; path = "Mattermost/SDWebImageDownloaderOperation+Swizzle.m"; sourceTree = "<group>"; };
		7FEB10991F61019C0039A015 /* MattermostManaged.h */ = {isa = PBXFileReference; fileEncoding = 4; lastKnownFileType = sourcecode.c.h; name = MattermostManaged.h; path = Mattermost/MattermostManaged.h; sourceTree = "<group>"; };
		7FEB109A1F61019C0039A015 /* MattermostManaged.m */ = {isa = PBXFileReference; fileEncoding = 4; lastKnownFileType = sourcecode.c.objc; name = MattermostManaged.m; path = Mattermost/MattermostManaged.m; sourceTree = "<group>"; };
		7FFE32B51FD9CCAA0038C7A0 /* FLAnimatedImage.framework */ = {isa = PBXFileReference; explicitFileType = wrapper.framework; path = FLAnimatedImage.framework; sourceTree = BUILT_PRODUCTS_DIR; };
		7FFE32B61FD9CCAA0038C7A0 /* KSCrash.framework */ = {isa = PBXFileReference; explicitFileType = wrapper.framework; path = KSCrash.framework; sourceTree = BUILT_PRODUCTS_DIR; };
		7FFE32B71FD9CCAA0038C7A0 /* KSCrash.framework */ = {isa = PBXFileReference; explicitFileType = wrapper.framework; path = KSCrash.framework; sourceTree = BUILT_PRODUCTS_DIR; };
		7FFE32B81FD9CCAA0038C7A0 /* libKSCrashLib.a */ = {isa = PBXFileReference; explicitFileType = archive.ar; path = libKSCrashLib.a; sourceTree = BUILT_PRODUCTS_DIR; };
		7FFE32B91FD9CCAA0038C7A0 /* libSDWebImage iOS static.a */ = {isa = PBXFileReference; explicitFileType = archive.ar; path = "libSDWebImage iOS static.a"; sourceTree = BUILT_PRODUCTS_DIR; };
		7FFE32BA1FD9CCAA0038C7A0 /* libSentryStatic.a */ = {isa = PBXFileReference; explicitFileType = archive.ar; path = libSentryStatic.a; sourceTree = BUILT_PRODUCTS_DIR; };
		7FFE32BB1FD9CCAA0038C7A0 /* libXCDYouTubeKit.a */ = {isa = PBXFileReference; explicitFileType = archive.ar; path = libXCDYouTubeKit.a; sourceTree = BUILT_PRODUCTS_DIR; };
		7FFE32BC1FD9CCAA0038C7A0 /* PerformanceBezier.framework */ = {isa = PBXFileReference; explicitFileType = wrapper.framework; path = PerformanceBezier.framework; sourceTree = BUILT_PRODUCTS_DIR; };
		7FFE32BD1FD9CCAA0038C7A0 /* QuartzBookPack.framework */ = {isa = PBXFileReference; explicitFileType = wrapper.framework; path = QuartzBookPack.framework; sourceTree = BUILT_PRODUCTS_DIR; };
		7FFE32BE1FD9CCAA0038C7A0 /* SDWebImage.framework */ = {isa = PBXFileReference; explicitFileType = wrapper.framework; path = SDWebImage.framework; sourceTree = BUILT_PRODUCTS_DIR; };
		7FFE32BF1FD9CCAA0038C7A0 /* Sentry.framework */ = {isa = PBXFileReference; explicitFileType = wrapper.framework; path = Sentry.framework; sourceTree = BUILT_PRODUCTS_DIR; };
		81061F4CBB31484A94D5A8EE /* libz.tbd */ = {isa = PBXFileReference; explicitFileType = undefined; fileEncoding = 9; includeInIndex = 0; lastKnownFileType = "sourcecode.text-based-dylib-definition"; name = libz.tbd; path = usr/lib/libz.tbd; sourceTree = SDKROOT; };
		8DEEFB3ED6175724A2653247 /* libPods-Mattermost.a */ = {isa = PBXFileReference; explicitFileType = archive.ar; includeInIndex = 0; path = "libPods-Mattermost.a"; sourceTree = BUILT_PRODUCTS_DIR; };
		BC977883E2624E05975CA65B /* OpenSans-Regular.ttf */ = {isa = PBXFileReference; explicitFileType = undefined; fileEncoding = 9; includeInIndex = 0; lastKnownFileType = unknown; name = "OpenSans-Regular.ttf"; path = "../assets/fonts/OpenSans-Regular.ttf"; sourceTree = "<group>"; };
		BE17F630DB5D41FD93F32D22 /* OpenSans-LightItalic.ttf */ = {isa = PBXFileReference; explicitFileType = undefined; fileEncoding = 9; includeInIndex = 0; lastKnownFileType = unknown; name = "OpenSans-LightItalic.ttf"; path = "../assets/fonts/OpenSans-LightItalic.ttf"; sourceTree = "<group>"; };
		D4B1B363C2414DA19C1AC521 /* OpenSans-Bold.ttf */ = {isa = PBXFileReference; explicitFileType = undefined; fileEncoding = 9; includeInIndex = 0; lastKnownFileType = unknown; name = "OpenSans-Bold.ttf"; path = "../assets/fonts/OpenSans-Bold.ttf"; sourceTree = "<group>"; };
		E5C16B14E1CE4868886A1A00 /* OpenSans-SemiBold.ttf */ = {isa = PBXFileReference; explicitFileType = undefined; fileEncoding = 9; includeInIndex = 0; lastKnownFileType = unknown; name = "OpenSans-SemiBold.ttf"; path = "../assets/fonts/OpenSans-SemiBold.ttf"; sourceTree = "<group>"; };
		EB4F0DF36537B0B21BE962FB /* Pods-Mattermost.debug.xcconfig */ = {isa = PBXFileReference; includeInIndex = 1; lastKnownFileType = text.xcconfig; name = "Pods-Mattermost.debug.xcconfig"; path = "Target Support Files/Pods-Mattermost/Pods-Mattermost.debug.xcconfig"; sourceTree = "<group>"; };
		F41672974C2907F74BB59B16 /* libPods-Mattermost-MattermostTests.a */ = {isa = PBXFileReference; explicitFileType = archive.ar; includeInIndex = 0; path = "libPods-Mattermost-MattermostTests.a"; sourceTree = BUILT_PRODUCTS_DIR; };
		FBBEC29EE2D3418D9AC33BD5 /* OpenSans-ExtraBoldItalic.ttf */ = {isa = PBXFileReference; explicitFileType = undefined; fileEncoding = 9; includeInIndex = 0; lastKnownFileType = unknown; name = "OpenSans-ExtraBoldItalic.ttf"; path = "../assets/fonts/OpenSans-ExtraBoldItalic.ttf"; sourceTree = "<group>"; };
/* End PBXFileReference section */

/* Begin PBXFrameworksBuildPhase section */
		13B07F8C1A680F5B00A75B9A /* Frameworks */ = {
			isa = PBXFrameworksBuildPhase;
			buildActionMask = 2147483647;
			files = (
				7F98836227FD46A9001C9BFC /* Gekidou in Frameworks */,
				49B4C050230C981C006E919E /* libUploadAttachments.a in Frameworks */,
				6C9B1EFD6561083917AF06CF /* libPods-Mattermost.a in Frameworks */,
			);
			runOnlyForDeploymentPostprocessing = 0;
		};
		7F581D2F221ED5C60099E66B /* Frameworks */ = {
			isa = PBXFrameworksBuildPhase;
			buildActionMask = 2147483647;
			files = (
				49AE370126D4455D00EF4E52 /* Gekidou in Frameworks */,
				7F581F78221EEA7C0099E66B /* libUploadAttachments.a in Frameworks */,
			);
			runOnlyForDeploymentPostprocessing = 0;
		};
/* End PBXFrameworksBuildPhase section */

/* Begin PBXGroup section */
		00E356EF1AD99517003FC87E /* MattermostTests */ = {
			isa = PBXGroup;
			children = (
				00E356F21AD99517003FC87E /* MattermostTests.m */,
				00E356F01AD99517003FC87E /* Supporting Files */,
			);
			path = MattermostTests;
			sourceTree = "<group>";
		};
		00E356F01AD99517003FC87E /* Supporting Files */ = {
			isa = PBXGroup;
			children = (
				00E356F11AD99517003FC87E /* Info.plist */,
			);
			name = "Supporting Files";
			sourceTree = "<group>";
		};
		0156F464626F49C2977D7982 /* Resources */ = {
			isa = PBXGroup;
			children = (
				531BEBC52513E93C00BC05B1 /* compass-icons.ttf */,
				7F25B626270F666D00F32373 /* Metropolis-Light.ttf */,
				7F25B628270F666D00F32373 /* Metropolis-Regular.ttf */,
				54956DEFEBB74EF78C3A6AE5 /* Metropolis-SemiBold.ttf */,
				D4B1B363C2414DA19C1AC521 /* OpenSans-Bold.ttf */,
				32AC3D4EA79E44738A6E9766 /* OpenSans-BoldItalic.ttf */,
				3647DF63D6764CF093375861 /* OpenSans-ExtraBold.ttf */,
				FBBEC29EE2D3418D9AC33BD5 /* OpenSans-ExtraBoldItalic.ttf */,
				41F3AFE83AAF4B74878AB78A /* OpenSans-Italic.ttf */,
				6561AEAC21CC40B8A72ABB93 /* OpenSans-Light.ttf */,
				BE17F630DB5D41FD93F32D22 /* OpenSans-LightItalic.ttf */,
				BC977883E2624E05975CA65B /* OpenSans-Regular.ttf */,
				E5C16B14E1CE4868886A1A00 /* OpenSans-SemiBold.ttf */,
				0DB14DFDF6E04FA69FE769DC /* OpenSans-SemiBoldItalic.ttf */,
			);
			name = Resources;
			sourceTree = "<group>";
		};
		13B07FAE1A68108700A75B9A /* Mattermost */ = {
			isa = PBXGroup;
			children = (
				536CC6C223E79287002C478C /* RNNotificationEventHandler+HandleReplyAction.h */,
				536CC6C123E79287002C478C /* RNNotificationEventHandler+HandleReplyAction.m */,
				13B07FAF1A68108700A75B9A /* AppDelegate.h */,
				13B07FB01A68108700A75B9A /* AppDelegate.mm */,
				7F151D3D221B062700FAD8F3 /* RuntimeUtils.swift */,
				13B07FB51A68108700A75B9A /* Images.xcassets */,
				13B07FB61A68108700A75B9A /* Info.plist */,
				13B07FB71A68108700A75B9A /* main.m */,
				7F63D2C21E6DD98A001FAE12 /* Mattermost.entitlements */,
				7F151D43221B082A00FAD8F3 /* Mattermost-Bridging-Header.h */,
				7FEB10991F61019C0039A015 /* MattermostManaged.h */,
				7FEB109A1F61019C0039A015 /* MattermostManaged.m */,
				7F0F4B0924BA173900E14C60 /* LaunchScreen.storyboard */,
				7FCEFB9126B7934F006DC1DE /* SDWebImageDownloaderOperation+Swizzle.h */,
				7FCEFB9226B7934F006DC1DE /* SDWebImageDownloaderOperation+Swizzle.m */,
				7F1EB88427FDE361002E7EEC /* GekidouWrapper.swift */,
			);
			name = Mattermost;
			sourceTree = "<group>";
		};
		33E107B4DC21A5C48B09F800 /* Pods */ = {
			isa = PBXGroup;
			children = (
				EB4F0DF36537B0B21BE962FB /* Pods-Mattermost.debug.xcconfig */,
				25BF2BACE89201DE6E585B7E /* Pods-Mattermost.release.xcconfig */,
				57CB4735B7E57B50D0B50E16 /* Pods-MattermostTests.debug.xcconfig */,
				297AAFCCF0BD99FC109DA2BC /* Pods-MattermostTests.release.xcconfig */,
				7F325D6DAAF1047EB948EFF7 /* Pods-Mattermost-MattermostTests.debug.xcconfig */,
				182D203F539AF68F1647EFAF /* Pods-Mattermost-MattermostTests.release.xcconfig */,
			);
			path = Pods;
			sourceTree = "<group>";
		};
		37DF8AC51F5F0D410079BF89 /* Recovered References */ = {
			isa = PBXGroup;
			children = (
				6BAF8296411D4657B5A0E8F8 /* libRNReactNativeDocViewer.a */,
			);
			name = "Recovered References";
			sourceTree = "<group>";
		};
		4B992D7BAAEDF8759DB525B5 /* Frameworks */ = {
			isa = PBXGroup;
			children = (
				495BC96123565ADD00C40C83 /* libYoutubePlayer-in-WKWebView.a */,
				495BC95F23565ABF00C40C83 /* libXCDYouTubeKit.a */,
				499F7B412355141200E7AF6E /* libYoutubePlayer-in-WKWebView.a */,
				499F7B3F235513F600E7AF6E /* libXCDYouTubeKit.a */,
				49B4BF51230C83D2006E919E /* libz.1.dylib */,
				7FFE32B51FD9CCAA0038C7A0 /* FLAnimatedImage.framework */,
				7FFE32B61FD9CCAA0038C7A0 /* KSCrash.framework */,
				7FFE32B71FD9CCAA0038C7A0 /* KSCrash.framework */,
				7FFE32B81FD9CCAA0038C7A0 /* libKSCrashLib.a */,
				7FFE32B91FD9CCAA0038C7A0 /* libSDWebImage iOS static.a */,
				7FFE32BA1FD9CCAA0038C7A0 /* libSentryStatic.a */,
				7FFE32BB1FD9CCAA0038C7A0 /* libXCDYouTubeKit.a */,
				7FFE32BC1FD9CCAA0038C7A0 /* PerformanceBezier.framework */,
				7FFE32BD1FD9CCAA0038C7A0 /* QuartzBookPack.framework */,
				7FFE32BE1FD9CCAA0038C7A0 /* SDWebImage.framework */,
				7FFE32BF1FD9CCAA0038C7A0 /* Sentry.framework */,
				7F43D6051F6BF9EB001FC614 /* libPods-Mattermost.a */,
				81061F4CBB31484A94D5A8EE /* libz.tbd */,
				8DEEFB3ED6175724A2653247 /* libPods-Mattermost.a */,
				F41672974C2907F74BB59B16 /* libPods-Mattermost-MattermostTests.a */,
			);
			name = Frameworks;
			sourceTree = "<group>";
		};
		7F581D33221ED5C60099E66B /* NotificationService */ = {
			isa = PBXGroup;
			children = (
				7F581F77221EEA5A0099E66B /* NotificationService.entitlements */,
				7F581D34221ED5C60099E66B /* NotificationService.swift */,
				7F581D36221ED5C60099E66B /* Info.plist */,
			);
			path = NotificationService;
			sourceTree = "<group>";
		};
		7FABE04122137F2900D0F595 /* Products */ = {
			isa = PBXGroup;
			children = (
				7FABE04522137F2A00D0F595 /* libUploadAttachments.a */,
			);
			name = Products;
			sourceTree = "<group>";
		};
		832341AE1AAA6A7D00B99B32 /* Libraries */ = {
			isa = PBXGroup;
			children = (
				49AE36FB26D4452900EF4E52 /* Gekidou */,
				7FABE04022137F2900D0F595 /* UploadAttachments.xcodeproj */,
			);
			name = Libraries;
			sourceTree = "<group>";
		};
		83CBB9F61A601CBA00E9B192 = {
			isa = PBXGroup;
			children = (
				4953BF5F2368AE8600593328 /* SwimeProxy.swift */,
				13B07FAE1A68108700A75B9A /* Mattermost */,
				7F581D33221ED5C60099E66B /* NotificationService */,
				7F292A701E8AB73400A450A3 /* SplashScreenResource */,
				832341AE1AAA6A7D00B99B32 /* Libraries */,
				00E356EF1AD99517003FC87E /* MattermostTests */,
				83CBBA001A601CBA00E9B192 /* Products */,
				0156F464626F49C2977D7982 /* Resources */,
				37DF8AC51F5F0D410079BF89 /* Recovered References */,
				4B992D7BAAEDF8759DB525B5 /* Frameworks */,
				33E107B4DC21A5C48B09F800 /* Pods */,
			);
			indentWidth = 2;
			sourceTree = "<group>";
			tabWidth = 2;
		};
		83CBBA001A601CBA00E9B192 /* Products */ = {
			isa = PBXGroup;
			children = (
				13B07F961A680F5B00A75B9A /* Mattermost.app */,
				7F581D32221ED5C60099E66B /* NotificationService.appex */,
			);
			name = Products;
			sourceTree = "<group>";
		};
/* End PBXGroup section */

/* Begin PBXNativeTarget section */
		13B07F861A680F5B00A75B9A /* Mattermost */ = {
			isa = PBXNativeTarget;
			buildConfigurationList = 13B07F931A680F5B00A75B9A /* Build configuration list for PBXNativeTarget "Mattermost" */;
			buildPhases = (
				484322B86D8320281D95970F /* [CP] Check Pods Manifest.lock */,
				13B07F871A680F5B00A75B9A /* Sources */,
				13B07F8C1A680F5B00A75B9A /* Frameworks */,
				13B07F8E1A680F5B00A75B9A /* Resources */,
				00DD1BFF1BD5951E006B06BC /* Bundle React Native code and images */,
				37DA4BA41E6F55AD002B058E /* Embed Frameworks */,
				AE4769B235D14E6C9C64EA78 /* Upload Debug Symbols to Sentry */,
				7FFE32A91FD9CB650038C7A0 /* Embed App Extensions */,
				ED4C644925C525E30315E09E /* [CP] Copy Pods Resources */,
				791C6C6593EFE251279CC4E9 /* [CP] Embed Pods Frameworks */,
			);
			buildRules = (
			);
			dependencies = (
				7FAB45BA222DD0E300EBFFC8 /* PBXTargetDependency */,
				7F581D38221ED5C60099E66B /* PBXTargetDependency */,
			);
			name = Mattermost;
			packageProductDependencies = (
				7F98836127FD46A9001C9BFC /* Gekidou */,
			);
			productName = "Hello World";
			productReference = 13B07F961A680F5B00A75B9A /* Mattermost.app */;
			productType = "com.apple.product-type.application";
		};
		7F581D31221ED5C60099E66B /* NotificationService */ = {
			isa = PBXNativeTarget;
			buildConfigurationList = 7F581D82221ED5C60099E66B /* Build configuration list for PBXNativeTarget "NotificationService" */;
			buildPhases = (
				7F581D2E221ED5C60099E66B /* Sources */,
				7F581D2F221ED5C60099E66B /* Frameworks */,
				7F581D30221ED5C60099E66B /* Resources */,
			);
			buildRules = (
			);
			dependencies = (
				7FE5F962227739E600FEFFE1 /* PBXTargetDependency */,
			);
			name = NotificationService;
			packageProductDependencies = (
				49AE370026D4455D00EF4E52 /* Gekidou */,
			);
			productName = NotificationService;
			productReference = 7F581D32221ED5C60099E66B /* NotificationService.appex */;
			productType = "com.apple.product-type.app-extension";
		};
/* End PBXNativeTarget section */

/* Begin PBXProject section */
		83CBB9F71A601CBA00E9B192 /* Project object */ = {
			isa = PBXProject;
			attributes = {
				LastSwiftUpdateCheck = 1010;
				LastUpgradeCheck = 820;
				ORGANIZATIONNAME = Facebook;
				TargetAttributes = {
					13B07F861A680F5B00A75B9A = {
						DevelopmentTeam = UQ8HT4Q2XM;
						LastSwiftMigration = 1010;
						ProvisioningStyle = Automatic;
						SystemCapabilities = {
							com.apple.ApplicationGroups.iOS = {
								enabled = 1;
							};
							com.apple.BackgroundModes = {
								enabled = 1;
							};
							com.apple.Keychain = {
								enabled = 1;
							};
							com.apple.Push = {
								enabled = 1;
							};
							com.apple.iCloud = {
								enabled = 1;
							};
						};
					};
					7F581D31221ED5C60099E66B = {
						CreatedOnToolsVersion = 10.1;
						DevelopmentTeam = UQ8HT4Q2XM;
						ProvisioningStyle = Automatic;
						SystemCapabilities = {
							com.apple.ApplicationGroups.iOS = {
								enabled = 1;
							};
						};
					};
				};
			};
			buildConfigurationList = 83CBB9FA1A601CBA00E9B192 /* Build configuration list for PBXProject "Mattermost" */;
			compatibilityVersion = "Xcode 3.2";
			developmentRegion = English;
			hasScannedForEncodings = 0;
			knownRegions = (
				English,
				en,
				Base,
			);
			mainGroup = 83CBB9F61A601CBA00E9B192;
			productRefGroup = 83CBBA001A601CBA00E9B192 /* Products */;
			projectDirPath = "";
			projectReferences = (
				{
					ProductGroup = 7FABE04122137F2900D0F595 /* Products */;
					ProjectRef = 7FABE04022137F2900D0F595 /* UploadAttachments.xcodeproj */;
				},
			);
			projectRoot = "";
			targets = (
				13B07F861A680F5B00A75B9A /* Mattermost */,
				7F581D31221ED5C60099E66B /* NotificationService */,
			);
		};
/* End PBXProject section */

/* Begin PBXReferenceProxy section */
		7FABE04522137F2A00D0F595 /* libUploadAttachments.a */ = {
			isa = PBXReferenceProxy;
			fileType = archive.ar;
			path = libUploadAttachments.a;
			remoteRef = 7FABE04422137F2A00D0F595 /* PBXContainerItemProxy */;
			sourceTree = BUILT_PRODUCTS_DIR;
		};
/* End PBXReferenceProxy section */

/* Begin PBXResourcesBuildPhase section */
		13B07F8E1A680F5B00A75B9A /* Resources */ = {
			isa = PBXResourcesBuildPhase;
			buildActionMask = 2147483647;
			files = (
				13B07FBF1A68108700A75B9A /* Images.xcassets in Resources */,
				7F0F4B0A24BA173900E14C60 /* LaunchScreen.storyboard in Resources */,
				7F292A711E8AB73400A450A3 /* SplashScreenResource in Resources */,
				7FB31F812710995B0032E2E5 /* Metropolis-Light.ttf in Resources */,
				7FB31F822710996D0032E2E5 /* Metropolis-Regular.ttf in Resources */,
				7FB31F842710996D0032E2E5 /* OpenSans-Bold.ttf in Resources */,
				7FB31F852710996D0032E2E5 /* OpenSans-BoldItalic.ttf in Resources */,
				7FB31F862710996D0032E2E5 /* OpenSans-ExtraBold.ttf in Resources */,
				7FB31F872710996D0032E2E5 /* OpenSans-ExtraBoldItalic.ttf in Resources */,
				7FB31F882710996D0032E2E5 /* OpenSans-Italic.ttf in Resources */,
				7FB31F892710996D0032E2E5 /* OpenSans-Light.ttf in Resources */,
				7FB31F8A2710996D0032E2E5 /* OpenSans-LightItalic.ttf in Resources */,
				7FB31F8B2710996D0032E2E5 /* OpenSans-Regular.ttf in Resources */,
				7FB31F8E2710996D0032E2E5 /* compass-icons.ttf in Resources */,
				58495E36BF1A4EAB93609E57 /* Metropolis-SemiBold.ttf in Resources */,
				A94508A396424B2DB778AFE9 /* OpenSans-SemiBold.ttf in Resources */,
				02860A1AC3334896837E96B7 /* OpenSans-SemiBoldItalic.ttf in Resources */,
			);
			runOnlyForDeploymentPostprocessing = 0;
		};
		7F581D30221ED5C60099E66B /* Resources */ = {
			isa = PBXResourcesBuildPhase;
			buildActionMask = 2147483647;
			files = (
			);
			runOnlyForDeploymentPostprocessing = 0;
		};
/* End PBXResourcesBuildPhase section */

/* Begin PBXShellScriptBuildPhase section */
		00DD1BFF1BD5951E006B06BC /* Bundle React Native code and images */ = {
			isa = PBXShellScriptBuildPhase;
			buildActionMask = 2147483647;
			files = (
			);
			inputPaths = (
			);
			name = "Bundle React Native code and images";
			outputPaths = (
			);
			runOnlyForDeploymentPostprocessing = 0;
			shellPath = /bin/sh;
			shellScript = "./bundleReactNative.sh\n";
		};
		484322B86D8320281D95970F /* [CP] Check Pods Manifest.lock */ = {
			isa = PBXShellScriptBuildPhase;
			buildActionMask = 2147483647;
			files = (
			);
			inputFileListPaths = (
			);
			inputPaths = (
				"${PODS_PODFILE_DIR_PATH}/Podfile.lock",
				"${PODS_ROOT}/Manifest.lock",
			);
			name = "[CP] Check Pods Manifest.lock";
			outputFileListPaths = (
			);
			outputPaths = (
				"$(DERIVED_FILE_DIR)/Pods-Mattermost-checkManifestLockResult.txt",
			);
			runOnlyForDeploymentPostprocessing = 0;
			shellPath = /bin/sh;
			shellScript = "diff \"${PODS_PODFILE_DIR_PATH}/Podfile.lock\" \"${PODS_ROOT}/Manifest.lock\" > /dev/null\nif [ $? != 0 ] ; then\n    # print error to STDERR\n    echo \"error: The sandbox is not in sync with the Podfile.lock. Run 'pod install' or update your CocoaPods installation.\" >&2\n    exit 1\nfi\n# This output is used by Xcode 'outputs' to avoid re-running this script phase.\necho \"SUCCESS\" > \"${SCRIPT_OUTPUT_FILE_0}\"\n";
			showEnvVarsInLog = 0;
		};
		791C6C6593EFE251279CC4E9 /* [CP] Embed Pods Frameworks */ = {
			isa = PBXShellScriptBuildPhase;
			buildActionMask = 2147483647;
			files = (
			);
			inputPaths = (
				"${PODS_ROOT}/Target Support Files/Pods-Mattermost/Pods-Mattermost-frameworks.sh",
				"${PODS_XCFRAMEWORKS_BUILD_DIR}/Flipper-DoubleConversion/double-conversion.framework/double-conversion",
				"${PODS_XCFRAMEWORKS_BUILD_DIR}/Flipper-Glog/glog.framework/glog",
				"${PODS_XCFRAMEWORKS_BUILD_DIR}/OpenSSL-Universal/OpenSSL.framework/OpenSSL",
				"${PODS_XCFRAMEWORKS_BUILD_DIR}/hermes-engine/hermes.framework/hermes",
			);
			name = "[CP] Embed Pods Frameworks";
			outputPaths = (
				"${TARGET_BUILD_DIR}/${FRAMEWORKS_FOLDER_PATH}/double-conversion.framework",
				"${TARGET_BUILD_DIR}/${FRAMEWORKS_FOLDER_PATH}/glog.framework",
				"${TARGET_BUILD_DIR}/${FRAMEWORKS_FOLDER_PATH}/OpenSSL.framework",
				"${TARGET_BUILD_DIR}/${FRAMEWORKS_FOLDER_PATH}/hermes.framework",
			);
			runOnlyForDeploymentPostprocessing = 0;
			shellPath = /bin/sh;
			shellScript = "\"${PODS_ROOT}/Target Support Files/Pods-Mattermost/Pods-Mattermost-frameworks.sh\"\n";
			showEnvVarsInLog = 0;
		};
		AE4769B235D14E6C9C64EA78 /* Upload Debug Symbols to Sentry */ = {
			isa = PBXShellScriptBuildPhase;
			buildActionMask = 2147483647;
			files = (
			);
			inputPaths = (
			);
			name = "Upload Debug Symbols to Sentry";
			outputPaths = (
			);
			runOnlyForDeploymentPostprocessing = 0;
			shellPath = /bin/sh;
			shellScript = "./uploadDebugSymbols.sh\n";
		};
		ED4C644925C525E30315E09E /* [CP] Copy Pods Resources */ = {
			isa = PBXShellScriptBuildPhase;
			buildActionMask = 2147483647;
			files = (
			);
			inputPaths = (
				"${PODS_ROOT}/Target Support Files/Pods-Mattermost/Pods-Mattermost-resources.sh",
				"${PODS_ROOT}/../../node_modules/react-native-vector-icons/Fonts/AntDesign.ttf",
				"${PODS_ROOT}/../../node_modules/react-native-vector-icons/Fonts/Entypo.ttf",
				"${PODS_ROOT}/../../node_modules/react-native-vector-icons/Fonts/EvilIcons.ttf",
				"${PODS_ROOT}/../../node_modules/react-native-vector-icons/Fonts/Feather.ttf",
				"${PODS_ROOT}/../../node_modules/react-native-vector-icons/Fonts/FontAwesome.ttf",
				"${PODS_ROOT}/../../node_modules/react-native-vector-icons/Fonts/FontAwesome5_Brands.ttf",
				"${PODS_ROOT}/../../node_modules/react-native-vector-icons/Fonts/FontAwesome5_Regular.ttf",
				"${PODS_ROOT}/../../node_modules/react-native-vector-icons/Fonts/FontAwesome5_Solid.ttf",
				"${PODS_ROOT}/../../node_modules/react-native-vector-icons/Fonts/Fontisto.ttf",
				"${PODS_ROOT}/../../node_modules/react-native-vector-icons/Fonts/Foundation.ttf",
				"${PODS_ROOT}/../../node_modules/react-native-vector-icons/Fonts/Ionicons.ttf",
				"${PODS_ROOT}/../../node_modules/react-native-vector-icons/Fonts/MaterialCommunityIcons.ttf",
				"${PODS_ROOT}/../../node_modules/react-native-vector-icons/Fonts/MaterialIcons.ttf",
				"${PODS_ROOT}/../../node_modules/react-native-vector-icons/Fonts/Octicons.ttf",
				"${PODS_ROOT}/../../node_modules/react-native-vector-icons/Fonts/SimpleLineIcons.ttf",
				"${PODS_ROOT}/../../node_modules/react-native-vector-icons/Fonts/Zocial.ttf",
				"${PODS_CONFIGURATION_BUILD_DIR}/React-Core/AccessibilityResources.bundle",
				"${PODS_CONFIGURATION_BUILD_DIR}/iosMath/mathFonts.bundle",
			);
			name = "[CP] Copy Pods Resources";
			outputPaths = (
				"${TARGET_BUILD_DIR}/${UNLOCALIZED_RESOURCES_FOLDER_PATH}/AntDesign.ttf",
				"${TARGET_BUILD_DIR}/${UNLOCALIZED_RESOURCES_FOLDER_PATH}/Entypo.ttf",
				"${TARGET_BUILD_DIR}/${UNLOCALIZED_RESOURCES_FOLDER_PATH}/EvilIcons.ttf",
				"${TARGET_BUILD_DIR}/${UNLOCALIZED_RESOURCES_FOLDER_PATH}/Feather.ttf",
				"${TARGET_BUILD_DIR}/${UNLOCALIZED_RESOURCES_FOLDER_PATH}/FontAwesome.ttf",
				"${TARGET_BUILD_DIR}/${UNLOCALIZED_RESOURCES_FOLDER_PATH}/FontAwesome5_Brands.ttf",
				"${TARGET_BUILD_DIR}/${UNLOCALIZED_RESOURCES_FOLDER_PATH}/FontAwesome5_Regular.ttf",
				"${TARGET_BUILD_DIR}/${UNLOCALIZED_RESOURCES_FOLDER_PATH}/FontAwesome5_Solid.ttf",
				"${TARGET_BUILD_DIR}/${UNLOCALIZED_RESOURCES_FOLDER_PATH}/Fontisto.ttf",
				"${TARGET_BUILD_DIR}/${UNLOCALIZED_RESOURCES_FOLDER_PATH}/Foundation.ttf",
				"${TARGET_BUILD_DIR}/${UNLOCALIZED_RESOURCES_FOLDER_PATH}/Ionicons.ttf",
				"${TARGET_BUILD_DIR}/${UNLOCALIZED_RESOURCES_FOLDER_PATH}/MaterialCommunityIcons.ttf",
				"${TARGET_BUILD_DIR}/${UNLOCALIZED_RESOURCES_FOLDER_PATH}/MaterialIcons.ttf",
				"${TARGET_BUILD_DIR}/${UNLOCALIZED_RESOURCES_FOLDER_PATH}/Octicons.ttf",
				"${TARGET_BUILD_DIR}/${UNLOCALIZED_RESOURCES_FOLDER_PATH}/SimpleLineIcons.ttf",
				"${TARGET_BUILD_DIR}/${UNLOCALIZED_RESOURCES_FOLDER_PATH}/Zocial.ttf",
				"${TARGET_BUILD_DIR}/${UNLOCALIZED_RESOURCES_FOLDER_PATH}/AccessibilityResources.bundle",
				"${TARGET_BUILD_DIR}/${UNLOCALIZED_RESOURCES_FOLDER_PATH}/mathFonts.bundle",
			);
			runOnlyForDeploymentPostprocessing = 0;
			shellPath = /bin/sh;
			shellScript = "\"${PODS_ROOT}/Target Support Files/Pods-Mattermost/Pods-Mattermost-resources.sh\"\n";
			showEnvVarsInLog = 0;
		};
/* End PBXShellScriptBuildPhase section */

/* Begin PBXSourcesBuildPhase section */
		13B07F871A680F5B00A75B9A /* Sources */ = {
			isa = PBXSourcesBuildPhase;
			buildActionMask = 2147483647;
			files = (
				7F1EB88527FDE361002E7EEC /* GekidouWrapper.swift in Sources */,
				7FCEFB9326B7934F006DC1DE /* SDWebImageDownloaderOperation+Swizzle.m in Sources */,
				4953BF602368AE8600593328 /* SwimeProxy.swift in Sources */,
				13B07FBC1A68108700A75B9A /* AppDelegate.mm in Sources */,
				7F151D3E221B062700FAD8F3 /* RuntimeUtils.swift in Sources */,
				13B07FC11A68108700A75B9A /* main.m in Sources */,
				7FEB109D1F61019C0039A015 /* MattermostManaged.m in Sources */,
				536CC6C323E79287002C478C /* RNNotificationEventHandler+HandleReplyAction.m in Sources */,
			);
			runOnlyForDeploymentPostprocessing = 0;
		};
		7F581D2E221ED5C60099E66B /* Sources */ = {
			isa = PBXSourcesBuildPhase;
			buildActionMask = 2147483647;
			files = (
				7F581D35221ED5C60099E66B /* NotificationService.swift in Sources */,
			);
			runOnlyForDeploymentPostprocessing = 0;
		};
/* End PBXSourcesBuildPhase section */

/* Begin PBXTargetDependency section */
		7F581D38221ED5C60099E66B /* PBXTargetDependency */ = {
			isa = PBXTargetDependency;
			target = 7F581D31221ED5C60099E66B /* NotificationService */;
			targetProxy = 7F581D37221ED5C60099E66B /* PBXContainerItemProxy */;
		};
		7FAB45BA222DD0E300EBFFC8 /* PBXTargetDependency */ = {
			isa = PBXTargetDependency;
			name = UploadAttachments;
			targetProxy = 7FAB45B9222DD0E300EBFFC8 /* PBXContainerItemProxy */;
		};
		7FE5F962227739E600FEFFE1 /* PBXTargetDependency */ = {
			isa = PBXTargetDependency;
			name = UploadAttachments;
			targetProxy = 7FE5F961227739E600FEFFE1 /* PBXContainerItemProxy */;
		};
/* End PBXTargetDependency section */

/* Begin XCBuildConfiguration section */
		13B07F941A680F5B00A75B9A /* Debug */ = {
			isa = XCBuildConfiguration;
			baseConfigurationReference = EB4F0DF36537B0B21BE962FB /* Pods-Mattermost.debug.xcconfig */;
			buildSettings = {
				ALWAYS_EMBED_SWIFT_STANDARD_LIBRARIES = "$(inherited)";
				ASSETCATALOG_COMPILER_APPICON_NAME = AppIcon;
				CLANG_ENABLE_MODULES = YES;
				CODE_SIGN_ENTITLEMENTS = Mattermost/Mattermost.entitlements;
				CODE_SIGN_IDENTITY = "iPhone Developer";
				"CODE_SIGN_IDENTITY[sdk=iphoneos*]" = "iPhone Developer";
				CURRENT_PROJECT_VERSION = 405;
				DEVELOPMENT_TEAM = UQ8HT4Q2XM;
				ENABLE_BITCODE = NO;
				HEADER_SEARCH_PATHS = (
					"$(inherited)",
					"$(SRCROOT)/UploadAttachments/UploadAttachments",
				);
				INFOPLIST_FILE = Mattermost/Info.plist;
				IPHONEOS_DEPLOYMENT_TARGET = 12.1;
				LD_RUNPATH_SEARCH_PATHS = (
					"$(inherited)",
					"@executable_path/Frameworks",
				);
				OTHER_CFLAGS = (
					"$(inherited)",
					"-DFB_SONARKIT_ENABLED=1",
				);
				OTHER_LDFLAGS = (
					"$(inherited)",
					"-ObjC",
					"-lc++",
				);
				PRODUCT_BUNDLE_IDENTIFIER = com.mattermost.rnbeta;
				PRODUCT_NAME = Mattermost;
				PROVISIONING_PROFILE = "";
				PROVISIONING_PROFILE_SPECIFIER = "";
				SWIFT_OBJC_BRIDGING_HEADER = "Mattermost/Mattermost-Bridging-Header.h";
				SWIFT_OPTIMIZATION_LEVEL = "-Onone";
				SWIFT_VERSION = 4.2;
				TARGETED_DEVICE_FAMILY = "1,2";
				VERSIONING_SYSTEM = "apple-generic";
			};
			name = Debug;
		};
		13B07F951A680F5B00A75B9A /* Release */ = {
			isa = XCBuildConfiguration;
			baseConfigurationReference = 25BF2BACE89201DE6E585B7E /* Pods-Mattermost.release.xcconfig */;
			buildSettings = {
				ALWAYS_EMBED_SWIFT_STANDARD_LIBRARIES = "$(inherited)";
				ASSETCATALOG_COMPILER_APPICON_NAME = AppIcon;
				CLANG_ENABLE_MODULES = YES;
				CODE_SIGN_ENTITLEMENTS = Mattermost/Mattermost.entitlements;
				CODE_SIGN_IDENTITY = "iPhone Developer";
				"CODE_SIGN_IDENTITY[sdk=iphoneos*]" = "iPhone Developer";
				CURRENT_PROJECT_VERSION = 405;
				DEVELOPMENT_TEAM = UQ8HT4Q2XM;
				ENABLE_BITCODE = NO;
				HEADER_SEARCH_PATHS = (
					"$(inherited)",
					"$(SRCROOT)/UploadAttachments/UploadAttachments",
				);
				INFOPLIST_FILE = Mattermost/Info.plist;
				IPHONEOS_DEPLOYMENT_TARGET = 12.1;
				LD_RUNPATH_SEARCH_PATHS = (
					"$(inherited)",
					"@executable_path/Frameworks",
				);
				OTHER_CFLAGS = "$(inherited)";
				OTHER_LDFLAGS = (
					"$(inherited)",
					"-ObjC",
					"-lc++",
				);
				PRODUCT_BUNDLE_IDENTIFIER = com.mattermost.rnbeta;
				PRODUCT_NAME = Mattermost;
				PROVISIONING_PROFILE = "";
				PROVISIONING_PROFILE_SPECIFIER = "";
				SWIFT_OBJC_BRIDGING_HEADER = "Mattermost/Mattermost-Bridging-Header.h";
				SWIFT_VERSION = 4.2;
				TARGETED_DEVICE_FAMILY = "1,2";
				VERSIONING_SYSTEM = "apple-generic";
			};
			name = Release;
		};
		7F581D3A221ED5C60099E66B /* Debug */ = {
			isa = XCBuildConfiguration;
			buildSettings = {
				CLANG_ANALYZER_NONNULL = YES;
				CLANG_ANALYZER_NUMBER_OBJECT_CONVERSION = YES_AGGRESSIVE;
				CLANG_CXX_LANGUAGE_STANDARD = "gnu++14";
				CLANG_ENABLE_OBJC_WEAK = YES;
				CLANG_WARN_BLOCK_CAPTURE_AUTORELEASING = YES;
				CLANG_WARN_COMMA = YES;
				CLANG_WARN_DEPRECATED_OBJC_IMPLEMENTATIONS = YES;
				CLANG_WARN_DOCUMENTATION_COMMENTS = YES;
				CLANG_WARN_NON_LITERAL_NULL_CONVERSION = YES;
				CLANG_WARN_OBJC_IMPLICIT_RETAIN_SELF = YES;
				CLANG_WARN_OBJC_LITERAL_CONVERSION = YES;
				CLANG_WARN_RANGE_LOOP_ANALYSIS = YES;
				CLANG_WARN_STRICT_PROTOTYPES = YES;
				CLANG_WARN_UNGUARDED_AVAILABILITY = YES_AGGRESSIVE;
				CODE_SIGN_ENTITLEMENTS = NotificationService/NotificationService.entitlements;
				CODE_SIGN_IDENTITY = "iPhone Developer";
				"CODE_SIGN_IDENTITY[sdk=iphoneos*]" = "iPhone Developer";
				CODE_SIGN_STYLE = Automatic;
				DEBUG_INFORMATION_FORMAT = dwarf;
				DEVELOPMENT_TEAM = UQ8HT4Q2XM;
				GCC_C_LANGUAGE_STANDARD = gnu11;
				INFOPLIST_FILE = NotificationService/Info.plist;
				IPHONEOS_DEPLOYMENT_TARGET = 12.1;
				LD_RUNPATH_SEARCH_PATHS = (
					"$(inherited)",
					"@executable_path/Frameworks",
					"@executable_path/../../Frameworks",
				);
				MTL_ENABLE_DEBUG_INFO = INCLUDE_SOURCE;
				MTL_FAST_MATH = YES;
				OTHER_CFLAGS = (
					"$(inherited)",
					"-DFB_SONARKIT_ENABLED=1",
				);
				PRODUCT_BUNDLE_IDENTIFIER = com.mattermost.rnbeta.NotificationService;
				PRODUCT_NAME = "$(TARGET_NAME)";
				SKIP_INSTALL = YES;
				SWIFT_ACTIVE_COMPILATION_CONDITIONS = DEBUG;
				SWIFT_OPTIMIZATION_LEVEL = "-Onone";
				SWIFT_VERSION = 4.2;
				TARGETED_DEVICE_FAMILY = "1,2";
			};
			name = Debug;
		};
		7F581D3B221ED5C60099E66B /* Release */ = {
			isa = XCBuildConfiguration;
			buildSettings = {
				CLANG_ANALYZER_NONNULL = YES;
				CLANG_ANALYZER_NUMBER_OBJECT_CONVERSION = YES_AGGRESSIVE;
				CLANG_CXX_LANGUAGE_STANDARD = "gnu++14";
				CLANG_ENABLE_OBJC_WEAK = YES;
				CLANG_WARN_BLOCK_CAPTURE_AUTORELEASING = YES;
				CLANG_WARN_COMMA = YES;
				CLANG_WARN_DEPRECATED_OBJC_IMPLEMENTATIONS = YES;
				CLANG_WARN_DOCUMENTATION_COMMENTS = YES;
				CLANG_WARN_NON_LITERAL_NULL_CONVERSION = YES;
				CLANG_WARN_OBJC_IMPLICIT_RETAIN_SELF = YES;
				CLANG_WARN_OBJC_LITERAL_CONVERSION = YES;
				CLANG_WARN_RANGE_LOOP_ANALYSIS = YES;
				CLANG_WARN_STRICT_PROTOTYPES = YES;
				CLANG_WARN_UNGUARDED_AVAILABILITY = YES_AGGRESSIVE;
				CODE_SIGN_ENTITLEMENTS = NotificationService/NotificationService.entitlements;
				CODE_SIGN_IDENTITY = "iPhone Developer";
				"CODE_SIGN_IDENTITY[sdk=iphoneos*]" = "iPhone Developer";
				CODE_SIGN_STYLE = Automatic;
				COPY_PHASE_STRIP = NO;
				DEBUG_INFORMATION_FORMAT = "dwarf-with-dsym";
				DEVELOPMENT_TEAM = UQ8HT4Q2XM;
				GCC_C_LANGUAGE_STANDARD = gnu11;
				INFOPLIST_FILE = NotificationService/Info.plist;
				IPHONEOS_DEPLOYMENT_TARGET = 12.1;
				LD_RUNPATH_SEARCH_PATHS = (
					"$(inherited)",
					"@executable_path/Frameworks",
					"@executable_path/../../Frameworks",
				);
				MTL_FAST_MATH = YES;
				OTHER_CFLAGS = "$(inherited)";
				PRODUCT_BUNDLE_IDENTIFIER = com.mattermost.rnbeta.NotificationService;
				PRODUCT_NAME = "$(TARGET_NAME)";
				SKIP_INSTALL = YES;
				SWIFT_COMPILATION_MODE = wholemodule;
				SWIFT_OPTIMIZATION_LEVEL = "-O";
				SWIFT_VERSION = 4.2;
				TARGETED_DEVICE_FAMILY = "1,2";
			};
			name = Release;
		};
		83CBBA201A601CBA00E9B192 /* Debug */ = {
			isa = XCBuildConfiguration;
			buildSettings = {
				ALWAYS_SEARCH_USER_PATHS = NO;
				CLANG_CXX_LANGUAGE_STANDARD = "gnu++0x";
				CLANG_CXX_LIBRARY = "libc++";
				CLANG_ENABLE_MODULES = YES;
				CLANG_ENABLE_OBJC_ARC = YES;
				CLANG_WARN_BOOL_CONVERSION = YES;
				CLANG_WARN_CONSTANT_CONVERSION = YES;
				CLANG_WARN_DIRECT_OBJC_ISA_USAGE = YES_ERROR;
				CLANG_WARN_EMPTY_BODY = YES;
				CLANG_WARN_ENUM_CONVERSION = YES;
				CLANG_WARN_INFINITE_RECURSION = YES;
				CLANG_WARN_INT_CONVERSION = YES;
				CLANG_WARN_OBJC_ROOT_CLASS = YES_ERROR;
				CLANG_WARN_SUSPICIOUS_MOVE = YES;
				CLANG_WARN_UNREACHABLE_CODE = YES;
				CLANG_WARN__DUPLICATE_METHOD_MATCH = YES;
				"CODE_SIGN_IDENTITY[sdk=iphoneos*]" = "iPhone Developer";
				COPY_PHASE_STRIP = NO;
				ENABLE_STRICT_OBJC_MSGSEND = YES;
				ENABLE_TESTABILITY = YES;
				"EXCLUDED_ARCHS[sdk=iphonesimulator*]" = i386;
				GCC_C_LANGUAGE_STANDARD = gnu99;
				GCC_DYNAMIC_NO_PIC = NO;
				GCC_NO_COMMON_BLOCKS = YES;
				GCC_OPTIMIZATION_LEVEL = 0;
				GCC_PREPROCESSOR_DEFINITIONS = (
					"DEBUG=1",
					"$(inherited)",
				);
				GCC_SYMBOLS_PRIVATE_EXTERN = NO;
				GCC_WARN_64_TO_32_BIT_CONVERSION = YES;
				GCC_WARN_ABOUT_RETURN_TYPE = YES_ERROR;
				GCC_WARN_UNDECLARED_SELECTOR = YES;
				GCC_WARN_UNINITIALIZED_AUTOS = YES_AGGRESSIVE;
				GCC_WARN_UNUSED_FUNCTION = YES;
				GCC_WARN_UNUSED_VARIABLE = YES;
				IPHONEOS_DEPLOYMENT_TARGET = 12.1;
				MTL_ENABLE_DEBUG_INFO = YES;
				ONLY_ACTIVE_ARCH = YES;
				SDKROOT = iphoneos;
			};
			name = Debug;
		};
		83CBBA211A601CBA00E9B192 /* Release */ = {
			isa = XCBuildConfiguration;
			buildSettings = {
				ALWAYS_SEARCH_USER_PATHS = NO;
				CLANG_CXX_LANGUAGE_STANDARD = "gnu++0x";
				CLANG_CXX_LIBRARY = "libc++";
				CLANG_ENABLE_MODULES = YES;
				CLANG_ENABLE_OBJC_ARC = YES;
				CLANG_WARN_BOOL_CONVERSION = YES;
				CLANG_WARN_CONSTANT_CONVERSION = YES;
				CLANG_WARN_DIRECT_OBJC_ISA_USAGE = YES_ERROR;
				CLANG_WARN_EMPTY_BODY = YES;
				CLANG_WARN_ENUM_CONVERSION = YES;
				CLANG_WARN_INFINITE_RECURSION = YES;
				CLANG_WARN_INT_CONVERSION = YES;
				CLANG_WARN_OBJC_ROOT_CLASS = YES_ERROR;
				CLANG_WARN_SUSPICIOUS_MOVE = YES;
				CLANG_WARN_UNREACHABLE_CODE = YES;
				CLANG_WARN__DUPLICATE_METHOD_MATCH = YES;
				"CODE_SIGN_IDENTITY[sdk=iphoneos*]" = "iPhone Developer";
				COPY_PHASE_STRIP = YES;
				ENABLE_NS_ASSERTIONS = NO;
				ENABLE_STRICT_OBJC_MSGSEND = YES;
				"EXCLUDED_ARCHS[sdk=iphonesimulator*]" = i386;
				GCC_C_LANGUAGE_STANDARD = gnu99;
				GCC_NO_COMMON_BLOCKS = YES;
				GCC_WARN_64_TO_32_BIT_CONVERSION = YES;
				GCC_WARN_ABOUT_RETURN_TYPE = YES_ERROR;
				GCC_WARN_UNDECLARED_SELECTOR = YES;
				GCC_WARN_UNINITIALIZED_AUTOS = YES_AGGRESSIVE;
				GCC_WARN_UNUSED_FUNCTION = YES;
				GCC_WARN_UNUSED_VARIABLE = YES;
				HEADER_SEARCH_PATHS = "";
				IPHONEOS_DEPLOYMENT_TARGET = 12.1;
				MTL_ENABLE_DEBUG_INFO = NO;
				SDKROOT = iphoneos;
				VALIDATE_PRODUCT = YES;
			};
			name = Release;
		};
/* End XCBuildConfiguration section */

/* Begin XCConfigurationList section */
		13B07F931A680F5B00A75B9A /* Build configuration list for PBXNativeTarget "Mattermost" */ = {
			isa = XCConfigurationList;
			buildConfigurations = (
				13B07F941A680F5B00A75B9A /* Debug */,
				13B07F951A680F5B00A75B9A /* Release */,
			);
			defaultConfigurationIsVisible = 0;
			defaultConfigurationName = Release;
		};
		7F581D82221ED5C60099E66B /* Build configuration list for PBXNativeTarget "NotificationService" */ = {
			isa = XCConfigurationList;
			buildConfigurations = (
				7F581D3A221ED5C60099E66B /* Debug */,
				7F581D3B221ED5C60099E66B /* Release */,
			);
			defaultConfigurationIsVisible = 0;
			defaultConfigurationName = Release;
		};
		83CBB9FA1A601CBA00E9B192 /* Build configuration list for PBXProject "Mattermost" */ = {
			isa = XCConfigurationList;
			buildConfigurations = (
				83CBBA201A601CBA00E9B192 /* Debug */,
				83CBBA211A601CBA00E9B192 /* Release */,
			);
			defaultConfigurationIsVisible = 0;
			defaultConfigurationName = Release;
		};
/* End XCConfigurationList section */

/* Begin XCSwiftPackageProductDependency section */
		49AE370026D4455D00EF4E52 /* Gekidou */ = {
			isa = XCSwiftPackageProductDependency;
			productName = Gekidou;
		};
		7F98836127FD46A9001C9BFC /* Gekidou */ = {
			isa = XCSwiftPackageProductDependency;
			productName = Gekidou;
		};
/* End XCSwiftPackageProductDependency section */
	};
	rootObject = 83CBB9F71A601CBA00E9B192 /* Project object */;
}
