PODS:
  - boost-for-react-native (1.63.0)
  - BVLinearGradient (2.5.6):
    - React
  - DoubleConversion (1.1.6)
  - FBLazyVector (0.63.2)
  - FBReactNativeSpec (0.63.2):
    - Folly (= 2020.01.13.00)
    - RCTRequired (= 0.63.2)
    - RCTTypeSafety (= 0.63.2)
    - React-Core (= 0.63.2)
    - React-jsi (= 0.63.2)
    - ReactCommon/turbomodule/core (= 0.63.2)
  - Folly (2020.01.13.00):
    - boost-for-react-native
    - DoubleConversion
    - Folly/Default (= 2020.01.13.00)
    - glog
  - Folly/Default (2020.01.13.00):
    - boost-for-react-native
    - DoubleConversion
    - glog
  - glog (0.3.5)
  - jail-monkey (2.3.2):
    - React
  - libwebp (1.1.0):
    - libwebp/demux (= 1.1.0)
    - libwebp/mux (= 1.1.0)
    - libwebp/webp (= 1.1.0)
  - libwebp/demux (1.1.0):
    - libwebp/webp
  - libwebp/mux (1.1.0):
    - libwebp/demux
  - libwebp/webp (1.1.0)
  - MMKV (1.1.1):
    - MMKVCore (~> 1.1.1)
  - MMKVCore (1.1.2)
  - Permission-Camera (2.1.4):
    - RNPermissions
  - Permission-PhotoLibrary (2.1.4):
    - RNPermissions
  - RCTRequired (0.63.2)
  - RCTTypeSafety (0.63.2):
    - FBLazyVector (= 0.63.2)
    - Folly (= 2020.01.13.00)
    - RCTRequired (= 0.63.2)
    - React-Core (= 0.63.2)
  - RCTYouTube (2.0.1):
    - React
    - YoutubePlayer-in-WKWebView (~> 0.3.1)
  - React (0.63.2):
    - React-Core (= 0.63.2)
    - React-Core/DevSupport (= 0.63.2)
    - React-Core/RCTWebSocket (= 0.63.2)
    - React-RCTActionSheet (= 0.63.2)
    - React-RCTAnimation (= 0.63.2)
    - React-RCTBlob (= 0.63.2)
    - React-RCTImage (= 0.63.2)
    - React-RCTLinking (= 0.63.2)
    - React-RCTNetwork (= 0.63.2)
    - React-RCTSettings (= 0.63.2)
    - React-RCTText (= 0.63.2)
    - React-RCTVibration (= 0.63.2)
  - React-callinvoker (0.63.2)
  - React-Core (0.63.2):
    - Folly (= 2020.01.13.00)
    - glog
    - React-Core/Default (= 0.63.2)
    - React-cxxreact (= 0.63.2)
    - React-jsi (= 0.63.2)
    - React-jsiexecutor (= 0.63.2)
    - Yoga
  - React-Core/CoreModulesHeaders (0.63.2):
    - Folly (= 2020.01.13.00)
    - glog
    - React-Core/Default
    - React-cxxreact (= 0.63.2)
    - React-jsi (= 0.63.2)
    - React-jsiexecutor (= 0.63.2)
    - Yoga
  - React-Core/Default (0.63.2):
    - Folly (= 2020.01.13.00)
    - glog
    - React-cxxreact (= 0.63.2)
    - React-jsi (= 0.63.2)
    - React-jsiexecutor (= 0.63.2)
    - Yoga
  - React-Core/DevSupport (0.63.2):
    - Folly (= 2020.01.13.00)
    - glog
    - React-Core/Default (= 0.63.2)
    - React-Core/RCTWebSocket (= 0.63.2)
    - React-cxxreact (= 0.63.2)
    - React-jsi (= 0.63.2)
    - React-jsiexecutor (= 0.63.2)
    - React-jsinspector (= 0.63.2)
    - Yoga
  - React-Core/RCTActionSheetHeaders (0.63.2):
    - Folly (= 2020.01.13.00)
    - glog
    - React-Core/Default
    - React-cxxreact (= 0.63.2)
    - React-jsi (= 0.63.2)
    - React-jsiexecutor (= 0.63.2)
    - Yoga
  - React-Core/RCTAnimationHeaders (0.63.2):
    - Folly (= 2020.01.13.00)
    - glog
    - React-Core/Default
    - React-cxxreact (= 0.63.2)
    - React-jsi (= 0.63.2)
    - React-jsiexecutor (= 0.63.2)
    - Yoga
  - React-Core/RCTBlobHeaders (0.63.2):
    - Folly (= 2020.01.13.00)
    - glog
    - React-Core/Default
    - React-cxxreact (= 0.63.2)
    - React-jsi (= 0.63.2)
    - React-jsiexecutor (= 0.63.2)
    - Yoga
  - React-Core/RCTImageHeaders (0.63.2):
    - Folly (= 2020.01.13.00)
    - glog
    - React-Core/Default
    - React-cxxreact (= 0.63.2)
    - React-jsi (= 0.63.2)
    - React-jsiexecutor (= 0.63.2)
    - Yoga
  - React-Core/RCTLinkingHeaders (0.63.2):
    - Folly (= 2020.01.13.00)
    - glog
    - React-Core/Default
    - React-cxxreact (= 0.63.2)
    - React-jsi (= 0.63.2)
    - React-jsiexecutor (= 0.63.2)
    - Yoga
  - React-Core/RCTNetworkHeaders (0.63.2):
    - Folly (= 2020.01.13.00)
    - glog
    - React-Core/Default
    - React-cxxreact (= 0.63.2)
    - React-jsi (= 0.63.2)
    - React-jsiexecutor (= 0.63.2)
    - Yoga
  - React-Core/RCTSettingsHeaders (0.63.2):
    - Folly (= 2020.01.13.00)
    - glog
    - React-Core/Default
    - React-cxxreact (= 0.63.2)
    - React-jsi (= 0.63.2)
    - React-jsiexecutor (= 0.63.2)
    - Yoga
  - React-Core/RCTTextHeaders (0.63.2):
    - Folly (= 2020.01.13.00)
    - glog
    - React-Core/Default
    - React-cxxreact (= 0.63.2)
    - React-jsi (= 0.63.2)
    - React-jsiexecutor (= 0.63.2)
    - Yoga
  - React-Core/RCTVibrationHeaders (0.63.2):
    - Folly (= 2020.01.13.00)
    - glog
    - React-Core/Default
    - React-cxxreact (= 0.63.2)
    - React-jsi (= 0.63.2)
    - React-jsiexecutor (= 0.63.2)
    - Yoga
  - React-Core/RCTWebSocket (0.63.2):
    - Folly (= 2020.01.13.00)
    - glog
    - React-Core/Default (= 0.63.2)
    - React-cxxreact (= 0.63.2)
    - React-jsi (= 0.63.2)
    - React-jsiexecutor (= 0.63.2)
    - Yoga
  - React-CoreModules (0.63.2):
    - FBReactNativeSpec (= 0.63.2)
    - Folly (= 2020.01.13.00)
    - RCTTypeSafety (= 0.63.2)
    - React-Core/CoreModulesHeaders (= 0.63.2)
    - React-jsi (= 0.63.2)
    - React-RCTImage (= 0.63.2)
    - ReactCommon/turbomodule/core (= 0.63.2)
  - React-cxxreact (0.63.2):
    - boost-for-react-native (= 1.63.0)
    - DoubleConversion
    - Folly (= 2020.01.13.00)
    - glog
    - React-callinvoker (= 0.63.2)
    - React-jsinspector (= 0.63.2)
  - React-jsi (0.63.2):
    - boost-for-react-native (= 1.63.0)
    - DoubleConversion
    - Folly (= 2020.01.13.00)
    - glog
    - React-jsi/Default (= 0.63.2)
  - React-jsi/Default (0.63.2):
    - boost-for-react-native (= 1.63.0)
    - DoubleConversion
    - Folly (= 2020.01.13.00)
    - glog
  - React-jsiexecutor (0.63.2):
    - DoubleConversion
    - Folly (= 2020.01.13.00)
    - glog
    - React-cxxreact (= 0.63.2)
    - React-jsi (= 0.63.2)
  - React-jsinspector (0.63.2)
  - react-native-cameraroll (4.0.0):
    - React
  - react-native-cookies (3.2.0):
    - React
  - react-native-document-picker (3.5.4):
    - React
  - react-native-hw-keyboard-event (0.0.4):
    - React
  - react-native-image-picker (2.3.1):
    - React
  - react-native-local-auth (1.6.0):
    - React
  - react-native-mmkv-storage (0.3.2):
    - MMKV (= 1.1.1)
    - React
  - react-native-netinfo (5.9.5):
    - React
  - react-native-notifications (2.1.7):
    - React
  - react-native-passcode-status (1.1.2):
    - React
  - react-native-safe-area (0.5.1):
    - React
  - react-native-safe-area-context (1.0.0):
    - React
  - react-native-video (5.0.2):
    - React
    - react-native-video/Video (= 5.0.2)
  - react-native-video/Video (5.0.2):
    - React
  - react-native-webview (7.0.1):
    - React
  - React-RCTActionSheet (0.63.2):
    - React-Core/RCTActionSheetHeaders (= 0.63.2)
  - React-RCTAnimation (0.63.2):
    - FBReactNativeSpec (= 0.63.2)
    - Folly (= 2020.01.13.00)
    - RCTTypeSafety (= 0.63.2)
    - React-Core/RCTAnimationHeaders (= 0.63.2)
    - React-jsi (= 0.63.2)
    - ReactCommon/turbomodule/core (= 0.63.2)
  - React-RCTBlob (0.63.2):
    - FBReactNativeSpec (= 0.63.2)
    - Folly (= 2020.01.13.00)
    - React-Core/RCTBlobHeaders (= 0.63.2)
    - React-Core/RCTWebSocket (= 0.63.2)
    - React-jsi (= 0.63.2)
    - React-RCTNetwork (= 0.63.2)
    - ReactCommon/turbomodule/core (= 0.63.2)
  - React-RCTImage (0.63.2):
    - FBReactNativeSpec (= 0.63.2)
    - Folly (= 2020.01.13.00)
    - RCTTypeSafety (= 0.63.2)
    - React-Core/RCTImageHeaders (= 0.63.2)
    - React-jsi (= 0.63.2)
    - React-RCTNetwork (= 0.63.2)
    - ReactCommon/turbomodule/core (= 0.63.2)
  - React-RCTLinking (0.63.2):
    - FBReactNativeSpec (= 0.63.2)
    - React-Core/RCTLinkingHeaders (= 0.63.2)
    - React-jsi (= 0.63.2)
    - ReactCommon/turbomodule/core (= 0.63.2)
  - React-RCTNetwork (0.63.2):
    - FBReactNativeSpec (= 0.63.2)
    - Folly (= 2020.01.13.00)
    - RCTTypeSafety (= 0.63.2)
    - React-Core/RCTNetworkHeaders (= 0.63.2)
    - React-jsi (= 0.63.2)
    - ReactCommon/turbomodule/core (= 0.63.2)
  - React-RCTSettings (0.63.2):
    - FBReactNativeSpec (= 0.63.2)
    - Folly (= 2020.01.13.00)
    - RCTTypeSafety (= 0.63.2)
    - React-Core/RCTSettingsHeaders (= 0.63.2)
    - React-jsi (= 0.63.2)
    - ReactCommon/turbomodule/core (= 0.63.2)
  - React-RCTText (0.63.2):
    - React-Core/RCTTextHeaders (= 0.63.2)
  - React-RCTVibration (0.63.2):
    - FBReactNativeSpec (= 0.63.2)
    - Folly (= 2020.01.13.00)
    - React-Core/RCTVibrationHeaders (= 0.63.2)
    - React-jsi (= 0.63.2)
    - ReactCommon/turbomodule/core (= 0.63.2)
  - ReactCommon/turbomodule/core (0.63.2):
    - DoubleConversion
    - Folly (= 2020.01.13.00)
    - glog
    - React-callinvoker (= 0.63.2)
    - React-Core (= 0.63.2)
    - React-cxxreact (= 0.63.2)
    - React-jsi (= 0.63.2)
  - ReactNativeExceptionHandler (2.10.8):
    - React
  - ReactNativeKeyboardTrackingView (5.7.0):
    - React
  - ReactNativeNavigation (6.4.0):
    - React
    - React-RCTImage
    - React-RCTText
  - rn-fetch-blob (0.12.0):
    - React-Core
  - RNCAsyncStorage (1.11.0):
    - React
  - RNCClipboard (1.2.3):
    - React
  - RNCMaskedView (0.1.10):
    - React
  - RNDeviceInfo (5.6.4):
    - React
  - RNFastImage (8.1.5):
    - React
    - SDWebImage (~> 5.0)
    - SDWebImageWebPCoder (~> 0.4.1)
  - RNFileViewer (2.1.0):
    - React
  - RNGestureHandler (1.6.1):
    - React
  - RNKeychain (4.0.5):
    - React
  - RNLocalize (1.4.0):
    - React
  - RNPermissions (2.1.4):
    - React
  - RNReactNativeHapticFeedback (1.10.0):
    - React
  - RNReanimated (1.8.0):
    - React
  - RNRudderSdk (1.0.0):
    - React
    - Rudder (= 1.0.3-beta-4)
  - RNScreens (2.7.0):
    - React
  - RNSentry (1.7.1):
    - React
    - Sentry (~> 5.2.0)
  - RNSVG (12.1.0):
    - React
  - RNVectorIcons (6.6.0):
    - React
  - Rudder (1.0.3-beta.4)
  - SDWebImage (5.8.4):
    - SDWebImage/Core (= 5.8.4)
  - SDWebImage/Core (5.8.4)
  - SDWebImageWebPCoder (0.4.1):
    - libwebp (~> 1.0)
    - SDWebImage/Core (~> 5.5)
  - Sentry (5.2.0):
    - Sentry/Core (= 5.2.0)
  - Sentry/Core (5.2.0)
  - Swime (3.0.6)
  - XCDYouTubeKit (2.8.2)
  - Yoga (1.14.0)
  - YoutubePlayer-in-WKWebView (0.3.4)

DEPENDENCIES:
  - BVLinearGradient (from `../node_modules/react-native-linear-gradient`)
  - DoubleConversion (from `../node_modules/react-native/third-party-podspecs/DoubleConversion.podspec`)
  - FBLazyVector (from `../node_modules/react-native/Libraries/FBLazyVector`)
  - FBReactNativeSpec (from `../node_modules/react-native/Libraries/FBReactNativeSpec`)
  - Folly (from `../node_modules/react-native/third-party-podspecs/Folly.podspec`)
  - glog (from `../node_modules/react-native/third-party-podspecs/glog.podspec`)
  - jail-monkey (from `../node_modules/jail-monkey`)
  - Permission-Camera (from `../node_modules/react-native-permissions/ios/Camera.podspec`)
  - Permission-PhotoLibrary (from `../node_modules/react-native-permissions/ios/PhotoLibrary.podspec`)
  - RCTRequired (from `../node_modules/react-native/Libraries/RCTRequired`)
  - RCTTypeSafety (from `../node_modules/react-native/Libraries/TypeSafety`)
  - RCTYouTube (from `../node_modules/react-native-youtube`)
  - React (from `../node_modules/react-native/`)
  - React-callinvoker (from `../node_modules/react-native/ReactCommon/callinvoker`)
  - React-Core (from `../node_modules/react-native/`)
  - React-Core/DevSupport (from `../node_modules/react-native/`)
  - React-Core/RCTWebSocket (from `../node_modules/react-native/`)
  - React-CoreModules (from `../node_modules/react-native/React/CoreModules`)
  - React-cxxreact (from `../node_modules/react-native/ReactCommon/cxxreact`)
  - React-jsi (from `../node_modules/react-native/ReactCommon/jsi`)
  - React-jsiexecutor (from `../node_modules/react-native/ReactCommon/jsiexecutor`)
  - React-jsinspector (from `../node_modules/react-native/ReactCommon/jsinspector`)
  - "react-native-cameraroll (from `../node_modules/@react-native-community/cameraroll`)"
  - react-native-cookies (from `../node_modules/react-native-cookies/ios`)
  - react-native-document-picker (from `../node_modules/react-native-document-picker`)
  - react-native-hw-keyboard-event (from `../node_modules/react-native-hw-keyboard-event`)
  - react-native-image-picker (from `../node_modules/react-native-image-picker`)
  - react-native-local-auth (from `../node_modules/react-native-local-auth`)
  - react-native-mmkv-storage (from `../node_modules/react-native-mmkv-storage`)
  - "react-native-netinfo (from `../node_modules/@react-native-community/netinfo`)"
  - react-native-notifications (from `../node_modules/react-native-notifications`)
  - react-native-passcode-status (from `../node_modules/react-native-passcode-status`)
  - react-native-safe-area (from `../node_modules/react-native-safe-area`)
  - react-native-safe-area-context (from `../node_modules/react-native-safe-area-context`)
  - react-native-video (from `../node_modules/react-native-video`)
  - react-native-webview (from `../node_modules/react-native-webview`)
  - React-RCTActionSheet (from `../node_modules/react-native/Libraries/ActionSheetIOS`)
  - React-RCTAnimation (from `../node_modules/react-native/Libraries/NativeAnimation`)
  - React-RCTBlob (from `../node_modules/react-native/Libraries/Blob`)
  - React-RCTImage (from `../node_modules/react-native/Libraries/Image`)
  - React-RCTLinking (from `../node_modules/react-native/Libraries/LinkingIOS`)
  - React-RCTNetwork (from `../node_modules/react-native/Libraries/Network`)
  - React-RCTSettings (from `../node_modules/react-native/Libraries/Settings`)
  - React-RCTText (from `../node_modules/react-native/Libraries/Text`)
  - React-RCTVibration (from `../node_modules/react-native/Libraries/Vibration`)
  - ReactCommon/turbomodule/core (from `../node_modules/react-native/ReactCommon`)
  - ReactNativeExceptionHandler (from `../node_modules/react-native-exception-handler`)
  - ReactNativeKeyboardTrackingView (from `../node_modules/react-native-keyboard-tracking-view`)
  - ReactNativeNavigation (from `../node_modules/react-native-navigation`)
  - rn-fetch-blob (from `../node_modules/rn-fetch-blob`)
  - "RNCAsyncStorage (from `../node_modules/@react-native-community/async-storage`)"
  - "RNCClipboard (from `../node_modules/@react-native-community/clipboard`)"
  - "RNCMaskedView (from `../node_modules/@react-native-community/masked-view`)"
  - RNDeviceInfo (from `../node_modules/react-native-device-info`)
  - RNFastImage (from `../node_modules/react-native-fast-image`)
  - RNFileViewer (from `../node_modules/react-native-file-viewer`)
  - RNGestureHandler (from `../node_modules/react-native-gesture-handler`)
  - RNKeychain (from `../node_modules/react-native-keychain`)
  - RNLocalize (from `../node_modules/react-native-localize`)
  - RNPermissions (from `../node_modules/react-native-permissions`)
  - RNReactNativeHapticFeedback (from `../node_modules/react-native-haptic-feedback`)
  - RNReanimated (from `../node_modules/react-native-reanimated`)
  - "RNRudderSdk (from `../node_modules/@rudderstack/rudder-sdk-react-native/ios`)"
  - RNScreens (from `../node_modules/react-native-screens`)
  - "RNSentry (from `../node_modules/@sentry/react-native`)"
  - RNSVG (from `../node_modules/react-native-svg`)
  - RNVectorIcons (from `../node_modules/react-native-vector-icons`)
  - Swime (= 3.0.6)
  - XCDYouTubeKit (= 2.8.2)
  - Yoga (from `../node_modules/react-native/ReactCommon/yoga`)

SPEC REPOS:
  https://github.com/cocoapods/specs.git:
    - boost-for-react-native
    - libwebp
    - MMKV
    - MMKVCore
    - Rudder
    - SDWebImage
    - SDWebImageWebPCoder
    - Sentry
    - Swime
    - XCDYouTubeKit
    - YoutubePlayer-in-WKWebView

EXTERNAL SOURCES:
  BVLinearGradient:
    :path: "../node_modules/react-native-linear-gradient"
  DoubleConversion:
    :podspec: "../node_modules/react-native/third-party-podspecs/DoubleConversion.podspec"
  FBLazyVector:
    :path: "../node_modules/react-native/Libraries/FBLazyVector"
  FBReactNativeSpec:
    :path: "../node_modules/react-native/Libraries/FBReactNativeSpec"
  Folly:
    :podspec: "../node_modules/react-native/third-party-podspecs/Folly.podspec"
  glog:
    :podspec: "../node_modules/react-native/third-party-podspecs/glog.podspec"
  jail-monkey:
    :path: "../node_modules/jail-monkey"
  Permission-Camera:
    :path: "../node_modules/react-native-permissions/ios/Camera.podspec"
  Permission-PhotoLibrary:
    :path: "../node_modules/react-native-permissions/ios/PhotoLibrary.podspec"
  RCTRequired:
    :path: "../node_modules/react-native/Libraries/RCTRequired"
  RCTTypeSafety:
    :path: "../node_modules/react-native/Libraries/TypeSafety"
  RCTYouTube:
    :path: "../node_modules/react-native-youtube"
  React:
    :path: "../node_modules/react-native/"
  React-callinvoker:
    :path: "../node_modules/react-native/ReactCommon/callinvoker"
  React-Core:
    :path: "../node_modules/react-native/"
  React-CoreModules:
    :path: "../node_modules/react-native/React/CoreModules"
  React-cxxreact:
    :path: "../node_modules/react-native/ReactCommon/cxxreact"
  React-jsi:
    :path: "../node_modules/react-native/ReactCommon/jsi"
  React-jsiexecutor:
    :path: "../node_modules/react-native/ReactCommon/jsiexecutor"
  React-jsinspector:
    :path: "../node_modules/react-native/ReactCommon/jsinspector"
  react-native-cameraroll:
    :path: "../node_modules/@react-native-community/cameraroll"
  react-native-cookies:
    :path: "../node_modules/react-native-cookies/ios"
  react-native-document-picker:
    :path: "../node_modules/react-native-document-picker"
  react-native-hw-keyboard-event:
    :path: "../node_modules/react-native-hw-keyboard-event"
  react-native-image-picker:
    :path: "../node_modules/react-native-image-picker"
  react-native-local-auth:
    :path: "../node_modules/react-native-local-auth"
  react-native-mmkv-storage:
    :path: "../node_modules/react-native-mmkv-storage"
  react-native-netinfo:
    :path: "../node_modules/@react-native-community/netinfo"
  react-native-notifications:
    :path: "../node_modules/react-native-notifications"
  react-native-passcode-status:
    :path: "../node_modules/react-native-passcode-status"
  react-native-safe-area:
    :path: "../node_modules/react-native-safe-area"
  react-native-safe-area-context:
    :path: "../node_modules/react-native-safe-area-context"
  react-native-video:
    :path: "../node_modules/react-native-video"
  react-native-webview:
    :path: "../node_modules/react-native-webview"
  React-RCTActionSheet:
    :path: "../node_modules/react-native/Libraries/ActionSheetIOS"
  React-RCTAnimation:
    :path: "../node_modules/react-native/Libraries/NativeAnimation"
  React-RCTBlob:
    :path: "../node_modules/react-native/Libraries/Blob"
  React-RCTImage:
    :path: "../node_modules/react-native/Libraries/Image"
  React-RCTLinking:
    :path: "../node_modules/react-native/Libraries/LinkingIOS"
  React-RCTNetwork:
    :path: "../node_modules/react-native/Libraries/Network"
  React-RCTSettings:
    :path: "../node_modules/react-native/Libraries/Settings"
  React-RCTText:
    :path: "../node_modules/react-native/Libraries/Text"
  React-RCTVibration:
    :path: "../node_modules/react-native/Libraries/Vibration"
  ReactCommon:
    :path: "../node_modules/react-native/ReactCommon"
  ReactNativeExceptionHandler:
    :path: "../node_modules/react-native-exception-handler"
  ReactNativeKeyboardTrackingView:
    :path: "../node_modules/react-native-keyboard-tracking-view"
  ReactNativeNavigation:
    :path: "../node_modules/react-native-navigation"
  rn-fetch-blob:
    :path: "../node_modules/rn-fetch-blob"
  RNCAsyncStorage:
    :path: "../node_modules/@react-native-community/async-storage"
  RNCClipboard:
    :path: "../node_modules/@react-native-community/clipboard"
  RNCMaskedView:
    :path: "../node_modules/@react-native-community/masked-view"
  RNDeviceInfo:
    :path: "../node_modules/react-native-device-info"
  RNFastImage:
    :path: "../node_modules/react-native-fast-image"
  RNFileViewer:
    :path: "../node_modules/react-native-file-viewer"
  RNGestureHandler:
    :path: "../node_modules/react-native-gesture-handler"
  RNKeychain:
    :path: "../node_modules/react-native-keychain"
  RNLocalize:
    :path: "../node_modules/react-native-localize"
  RNPermissions:
    :path: "../node_modules/react-native-permissions"
  RNReactNativeHapticFeedback:
    :path: "../node_modules/react-native-haptic-feedback"
  RNReanimated:
    :path: "../node_modules/react-native-reanimated"
  RNRudderSdk:
    :path: "../node_modules/@rudderstack/rudder-sdk-react-native/ios"
  RNScreens:
    :path: "../node_modules/react-native-screens"
  RNSentry:
    :path: "../node_modules/@sentry/react-native"
  RNSVG:
    :path: "../node_modules/react-native-svg"
  RNVectorIcons:
    :path: "../node_modules/react-native-vector-icons"
  Yoga:
    :path: "../node_modules/react-native/ReactCommon/yoga"

SPEC CHECKSUMS:
  boost-for-react-native: 39c7adb57c4e60d6c5479dd8623128eb5b3f0f2c
  BVLinearGradient: e3aad03778a456d77928f594a649e96995f1c872
  DoubleConversion: cde416483dac037923206447da6e1454df403714
  FBLazyVector: 3ef4a7f62e7db01092f9d517d2ebc0d0677c4a37
  FBReactNativeSpec: dc7fa9088f0f2a998503a352b0554d69a4391c5a
  Folly: b73c3869541e86821df3c387eb0af5f65addfab4
  glog: 40a13f7840415b9a77023fbcae0f1e6f43192af3
  jail-monkey: d7c5048b2336f22ee9c9e0efa145f1f917338ea9
  libwebp: 946cb3063cea9236285f7e9a8505d806d30e07f3
  MMKV: 5eb44526fcf38152328ebfeff5ec585972ace00d
  MMKVCore: ae976ab3f019a3e4448f884353e0557b324ff136
  Permission-Camera: 3ed116545ee8806cd706bca0e1a9a2c3cd36c6bd
  Permission-PhotoLibrary: 56e71522b008d9abca150680c1f8050f267cdffb
  RCTRequired: f13f25e7b12f925f1f6a6a8c69d929a03c0129fe
  RCTTypeSafety: 44982c5c8e43ff4141eb519a8ddc88059acd1f3a
  RCTYouTube: 7ff7d42f5ed42d185198681e967fd2c2b661375d
  React: e1c65dd41cb9db13b99f24608e47dd595f28ca9a
  React-callinvoker: 552a6a6bc8b3bb794cf108ad59e5a9e2e3b4fc98
  React-Core: 9d341e725dc9cd2f49e4c49ad1fc4e8776aa2639
  React-CoreModules: 5335e168165da7f7083ce7147768d36d3e292318
  React-cxxreact: d3261ec5f7d11743fbf21e263a34ea51d1f13ebc
  React-jsi: 54245e1d5f4b690dec614a73a3795964eeef13a8
  React-jsiexecutor: 8ca588cc921e70590820ce72b8789b02c67cce38
  React-jsinspector: b14e62ebe7a66e9231e9581279909f2fc3db6606
  react-native-cameraroll: 7c2e22b5a8e8f30fc6d5566c942b225ca7129752
  react-native-cookies: 854d59c4135c70b92a02ca4930e68e4e2eb58150
  react-native-document-picker: c5752781fbc0c126c627c1549b037c139444a4cf
  react-native-hw-keyboard-event: b517cefb8d5c659a38049c582de85ff43337dc53
  react-native-image-picker: 668e72d0277dc8c12ae90e835507c1eddd2e4f85
  react-native-local-auth: 359af242caa1e5c501ac9dfe33b1e238ad8f08c6
  react-native-mmkv-storage: 49389227471de5258b4e5bae7857bfe0ad02c8f7
  react-native-netinfo: 7f3f3ed9e8f0e7ab3e7cac00cbfdc6997e25ecaf
  react-native-notifications: 24706907104a0f00c35c4bde7e0ca76a50f730e1
  react-native-passcode-status: 88c4f6e074328bc278bd127646b6c694ad5a530a
  react-native-safe-area: e8230b0017d76c00de6b01e2412dcf86b127c6a3
  react-native-safe-area-context: 5f3e081f937ab7c44c179d551f332fa494cfcf8f
  react-native-video: 961749da457e73bf0b5565edfbaffc25abfb8974
  react-native-webview: 0d1c2b4e7ffb0543a74fa0512f2f8dc5fb0e49e2
  React-RCTActionSheet: 910163b6b09685a35c4ebbc52b66d1bfbbe39fc5
  React-RCTAnimation: 9a883bbe1e9d2e158d4fb53765ed64c8dc2200c6
  React-RCTBlob: 39cf0ece1927996c4466510e25d2105f67010e13
  React-RCTImage: de355d738727b09ad3692f2a979affbd54b5f378
  React-RCTLinking: 8122f221d395a63364b2c0078ce284214bd04575
  React-RCTNetwork: 8f96c7b49ea6a0f28f98258f347b6ad218bc0830
  React-RCTSettings: 8a49622aff9c1925f5455fa340b6fe4853d64ab6
  React-RCTText: 1b6773e776e4b33f90468c20fe3b16ca3e224bb8
  React-RCTVibration: 4d2e726957f4087449739b595f107c0d4b6c2d2d
  ReactCommon: a0a1edbebcac5e91338371b72ffc66aa822792ce
  ReactNativeExceptionHandler: 8025d98049c25f186835a3af732dd7c9974d6dce
  ReactNativeKeyboardTrackingView: 02137fac3b2ebd330d74fa54ead48b14750a2306
  ReactNativeNavigation: 667586f6924fbd09512e2933fe70497db914b758
  rn-fetch-blob: 17961aec08caae68bb8fc0e5b40f93b3acfa6932
  RNCAsyncStorage: db711e29e5e0500d9bd21aa0c2e397efa45302b1
  RNCClipboard: 5f3218dcdc28405aa2ae72b78e388f150b826dd3
  RNCMaskedView: f5c7d14d6847b7b44853f7acb6284c1da30a3459
  RNDeviceInfo: b4e7cc649b2258a60490c7ac096efbf85fbe65c3
  RNFastImage: 35ae972d6727c84ee3f5c6897e07f84d0a3445e9
  RNFileViewer: 3600e85d326dadfd0fd367eb38fcb4300b699b49
  RNGestureHandler: 8f09cd560f8d533eb36da5a6c5a843af9f056b38
  RNKeychain: 840f8e6f13be0576202aefcdffd26a4f54bfe7b5
  RNLocalize: fc27ee5878ce5a3af73873fb2d8e866e0d1e6d84
  RNPermissions: 8ca17fd6c822eea589fe84709d9426e05cc39c39
  RNReactNativeHapticFeedback: 22c5ecf474428766c6b148f96f2ff6155cd7225e
  RNReanimated: 955cf4068714003d2f1a6e2bae3fb1118f359aff
  RNRudderSdk: 3abdcc4b145b3db6571827b0fc7af4e75a96af13
  RNScreens: cf198f915f8a2bf163de94ca9f5bfc8d326c3706
  RNSentry: 2bae4ffee2e66376ef42cb845a494c3bde17bc56
  RNSVG: ce9d996113475209013317e48b05c21ee988d42e
  RNVectorIcons: 0bb4def82230be1333ddaeee9fcba45f0b288ed4
  Rudder: 358a71278045a608ae4b081b37a465ffb65c129d
  SDWebImage: cf6922231e95550934da2ada0f20f2becf2ceba9
  SDWebImageWebPCoder: 36f8f47bd9879a8aea6044765c1351120fd8e3a8
  Sentry: 6e04bc3e11bf771ca79140a112de64dcfbc7d8cb
  Swime: d7b2c277503b6cea317774aedc2dce05613f8b0b
  XCDYouTubeKit: 79baadb0560673a67c771eba45f83e353fd12c1f
  Yoga: 7740b94929bbacbddda59bf115b5317e9a161598
  YoutubePlayer-in-WKWebView: af2f5929fc78882d94bfdfeea999b661b78d9717

PODFILE CHECKSUM: 1aabd16b6a9ed2037b4d7443027d222817790468

COCOAPODS: 1.7.5
