PODS:
  - boost (1.76.0)
  - BVLinearGradient (2.5.6):
    - React
  - DoubleConversion (1.1.6)
  - FBLazyVector (0.67.2)
  - FBReactNativeSpec (0.67.2):
    - RCT-Folly (= 2021.06.28.00-v2)
    - RCTRequired (= 0.67.2)
    - RCTTypeSafety (= 0.67.2)
    - React-Core (= 0.67.2)
    - React-jsi (= 0.67.2)
    - ReactCommon/turbomodule/core (= 0.67.2)
  - fmt (6.2.1)
  - glog (0.3.5)
  - HMSegmentedControl (1.5.6)
  - iosMath (0.9.4)
  - jail-monkey (2.6.0):
    - React-Core
  - libwebp (1.2.1):
    - libwebp/demux (= 1.2.1)
    - libwebp/mux (= 1.2.1)
    - libwebp/webp (= 1.2.1)
  - libwebp/demux (1.2.1):
    - libwebp/webp
  - libwebp/mux (1.2.1):
    - libwebp/demux
  - libwebp/webp (1.2.1)
  - MMKV (1.2.10):
    - MMKVCore (~> 1.2.10)
  - MMKVCore (1.2.12)
  - Permission-Camera (3.2.0):
    - RNPermissions
  - Permission-MediaLibrary (3.2.0):
    - RNPermissions
  - Permission-Microphone (3.2.0):
    - RNPermissions
  - Permission-Notifications (3.2.0):
    - RNPermissions
  - Permission-PhotoLibrary (3.2.0):
    - RNPermissions
  - Permission-PhotoLibraryAddOnly (3.2.0):
    - RNPermissions
  - RCT-Folly (2021.06.28.00-v2):
    - boost
    - DoubleConversion
    - fmt (~> 6.2.1)
    - glog
    - RCT-Folly/Default (= 2021.06.28.00-v2)
  - RCT-Folly/Default (2021.06.28.00-v2):
    - boost
    - DoubleConversion
    - fmt (~> 6.2.1)
    - glog
  - RCTRequired (0.67.2)
  - RCTTypeSafety (0.67.2):
    - FBLazyVector (= 0.67.2)
    - RCT-Folly (= 2021.06.28.00-v2)
    - RCTRequired (= 0.67.2)
    - React-Core (= 0.67.2)
  - RCTYouTube (2.0.2):
    - React
    - YoutubePlayer-in-WKWebView (~> 0.3.1)
  - React (0.67.2):
    - React-Core (= 0.67.2)
    - React-Core/DevSupport (= 0.67.2)
    - React-Core/RCTWebSocket (= 0.67.2)
    - React-RCTActionSheet (= 0.67.2)
    - React-RCTAnimation (= 0.67.2)
    - React-RCTBlob (= 0.67.2)
    - React-RCTImage (= 0.67.2)
    - React-RCTLinking (= 0.67.2)
    - React-RCTNetwork (= 0.67.2)
    - React-RCTSettings (= 0.67.2)
    - React-RCTText (= 0.67.2)
    - React-RCTVibration (= 0.67.2)
  - React-callinvoker (0.67.2)
  - React-Core (0.67.2):
    - glog
    - RCT-Folly (= 2021.06.28.00-v2)
    - React-Core/Default (= 0.67.2)
    - React-cxxreact (= 0.67.2)
    - React-jsi (= 0.67.2)
    - React-jsiexecutor (= 0.67.2)
    - React-perflogger (= 0.67.2)
    - Yoga
  - React-Core/CoreModulesHeaders (0.67.2):
    - glog
    - RCT-Folly (= 2021.06.28.00-v2)
    - React-Core/Default
    - React-cxxreact (= 0.67.2)
    - React-jsi (= 0.67.2)
    - React-jsiexecutor (= 0.67.2)
    - React-perflogger (= 0.67.2)
    - Yoga
  - React-Core/Default (0.67.2):
    - glog
    - RCT-Folly (= 2021.06.28.00-v2)
    - React-cxxreact (= 0.67.2)
    - React-jsi (= 0.67.2)
    - React-jsiexecutor (= 0.67.2)
    - React-perflogger (= 0.67.2)
    - Yoga
  - React-Core/DevSupport (0.67.2):
    - glog
    - RCT-Folly (= 2021.06.28.00-v2)
    - React-Core/Default (= 0.67.2)
    - React-Core/RCTWebSocket (= 0.67.2)
    - React-cxxreact (= 0.67.2)
    - React-jsi (= 0.67.2)
    - React-jsiexecutor (= 0.67.2)
    - React-jsinspector (= 0.67.2)
    - React-perflogger (= 0.67.2)
    - Yoga
  - React-Core/RCTActionSheetHeaders (0.67.2):
    - glog
    - RCT-Folly (= 2021.06.28.00-v2)
    - React-Core/Default
    - React-cxxreact (= 0.67.2)
    - React-jsi (= 0.67.2)
    - React-jsiexecutor (= 0.67.2)
    - React-perflogger (= 0.67.2)
    - Yoga
  - React-Core/RCTAnimationHeaders (0.67.2):
    - glog
    - RCT-Folly (= 2021.06.28.00-v2)
    - React-Core/Default
    - React-cxxreact (= 0.67.2)
    - React-jsi (= 0.67.2)
    - React-jsiexecutor (= 0.67.2)
    - React-perflogger (= 0.67.2)
    - Yoga
  - React-Core/RCTBlobHeaders (0.67.2):
    - glog
    - RCT-Folly (= 2021.06.28.00-v2)
    - React-Core/Default
    - React-cxxreact (= 0.67.2)
    - React-jsi (= 0.67.2)
    - React-jsiexecutor (= 0.67.2)
    - React-perflogger (= 0.67.2)
    - Yoga
  - React-Core/RCTImageHeaders (0.67.2):
    - glog
    - RCT-Folly (= 2021.06.28.00-v2)
    - React-Core/Default
    - React-cxxreact (= 0.67.2)
    - React-jsi (= 0.67.2)
    - React-jsiexecutor (= 0.67.2)
    - React-perflogger (= 0.67.2)
    - Yoga
  - React-Core/RCTLinkingHeaders (0.67.2):
    - glog
    - RCT-Folly (= 2021.06.28.00-v2)
    - React-Core/Default
    - React-cxxreact (= 0.67.2)
    - React-jsi (= 0.67.2)
    - React-jsiexecutor (= 0.67.2)
    - React-perflogger (= 0.67.2)
    - Yoga
  - React-Core/RCTNetworkHeaders (0.67.2):
    - glog
    - RCT-Folly (= 2021.06.28.00-v2)
    - React-Core/Default
    - React-cxxreact (= 0.67.2)
    - React-jsi (= 0.67.2)
    - React-jsiexecutor (= 0.67.2)
    - React-perflogger (= 0.67.2)
    - Yoga
  - React-Core/RCTSettingsHeaders (0.67.2):
    - glog
    - RCT-Folly (= 2021.06.28.00-v2)
    - React-Core/Default
    - React-cxxreact (= 0.67.2)
    - React-jsi (= 0.67.2)
    - React-jsiexecutor (= 0.67.2)
    - React-perflogger (= 0.67.2)
    - Yoga
  - React-Core/RCTTextHeaders (0.67.2):
    - glog
    - RCT-Folly (= 2021.06.28.00-v2)
    - React-Core/Default
    - React-cxxreact (= 0.67.2)
    - React-jsi (= 0.67.2)
    - React-jsiexecutor (= 0.67.2)
    - React-perflogger (= 0.67.2)
    - Yoga
  - React-Core/RCTVibrationHeaders (0.67.2):
    - glog
    - RCT-Folly (= 2021.06.28.00-v2)
    - React-Core/Default
    - React-cxxreact (= 0.67.2)
    - React-jsi (= 0.67.2)
    - React-jsiexecutor (= 0.67.2)
    - React-perflogger (= 0.67.2)
    - Yoga
  - React-Core/RCTWebSocket (0.67.2):
    - glog
    - RCT-Folly (= 2021.06.28.00-v2)
    - React-Core/Default (= 0.67.2)
    - React-cxxreact (= 0.67.2)
    - React-jsi (= 0.67.2)
    - React-jsiexecutor (= 0.67.2)
    - React-perflogger (= 0.67.2)
    - Yoga
  - React-CoreModules (0.67.2):
    - FBReactNativeSpec (= 0.67.2)
    - RCT-Folly (= 2021.06.28.00-v2)
    - RCTTypeSafety (= 0.67.2)
    - React-Core/CoreModulesHeaders (= 0.67.2)
    - React-jsi (= 0.67.2)
    - React-RCTImage (= 0.67.2)
    - ReactCommon/turbomodule/core (= 0.67.2)
  - React-cxxreact (0.67.2):
    - boost (= 1.76.0)
    - DoubleConversion
    - glog
    - RCT-Folly (= 2021.06.28.00-v2)
    - React-callinvoker (= 0.67.2)
    - React-jsi (= 0.67.2)
    - React-jsinspector (= 0.67.2)
    - React-logger (= 0.67.2)
    - React-perflogger (= 0.67.2)
    - React-runtimeexecutor (= 0.67.2)
  - React-jsi (0.67.2):
    - boost (= 1.76.0)
    - DoubleConversion
    - glog
    - RCT-Folly (= 2021.06.28.00-v2)
    - React-jsi/Default (= 0.67.2)
  - React-jsi/Default (0.67.2):
    - boost (= 1.76.0)
    - DoubleConversion
    - glog
    - RCT-Folly (= 2021.06.28.00-v2)
  - React-jsiexecutor (0.67.2):
    - DoubleConversion
    - glog
    - RCT-Folly (= 2021.06.28.00-v2)
    - React-cxxreact (= 0.67.2)
    - React-jsi (= 0.67.2)
    - React-perflogger (= 0.67.2)
  - React-jsinspector (0.67.2)
  - React-logger (0.67.2):
    - glog
  - react-native-cameraroll (4.1.2):
    - React-Core
  - react-native-cookies (6.0.11):
    - React-Core
  - react-native-document-picker (8.0.0):
    - React-Core
  - react-native-hw-keyboard-event (0.0.4):
    - React
  - react-native-image-picker (4.7.3):
    - React-Core
  - react-native-local-auth (1.6.0):
    - React
  - react-native-mmkv-storage (0.6.11):
    - MMKV (= 1.2.10)
    - React-Core
  - react-native-netinfo (7.1.9):
    - React-Core
  - react-native-notifications (4.1.3):
    - React-Core
  - react-native-passcode-status (1.1.2):
    - React
  - react-native-paste-input (0.3.6):
    - React-Core
    - Swime (= 3.0.6)
  - react-native-safe-area (0.5.1):
    - React
  - react-native-safe-area-context (3.3.2):
    - React-Core
  - react-native-startup-time (2.0.0):
    - React
  - react-native-video (5.2.0):
    - React-Core
    - react-native-video/Video (= 5.2.0)
  - react-native-video/Video (5.2.0):
    - React-Core
  - react-native-webrtc (1.75.3):
    - React
  - react-native-webview (11.17.1):
    - React-Core
  - React-perflogger (0.67.2)
  - React-RCTActionSheet (0.67.2):
    - React-Core/RCTActionSheetHeaders (= 0.67.2)
  - React-RCTAnimation (0.67.2):
    - FBReactNativeSpec (= 0.67.2)
    - RCT-Folly (= 2021.06.28.00-v2)
    - RCTTypeSafety (= 0.67.2)
    - React-Core/RCTAnimationHeaders (= 0.67.2)
    - React-jsi (= 0.67.2)
    - ReactCommon/turbomodule/core (= 0.67.2)
  - React-RCTBlob (0.67.2):
    - FBReactNativeSpec (= 0.67.2)
    - RCT-Folly (= 2021.06.28.00-v2)
    - React-Core/RCTBlobHeaders (= 0.67.2)
    - React-Core/RCTWebSocket (= 0.67.2)
    - React-jsi (= 0.67.2)
    - React-RCTNetwork (= 0.67.2)
    - ReactCommon/turbomodule/core (= 0.67.2)
  - React-RCTImage (0.67.2):
    - FBReactNativeSpec (= 0.67.2)
    - RCT-Folly (= 2021.06.28.00-v2)
    - RCTTypeSafety (= 0.67.2)
    - React-Core/RCTImageHeaders (= 0.67.2)
    - React-jsi (= 0.67.2)
    - React-RCTNetwork (= 0.67.2)
    - ReactCommon/turbomodule/core (= 0.67.2)
  - React-RCTLinking (0.67.2):
    - FBReactNativeSpec (= 0.67.2)
    - React-Core/RCTLinkingHeaders (= 0.67.2)
    - React-jsi (= 0.67.2)
    - ReactCommon/turbomodule/core (= 0.67.2)
  - React-RCTNetwork (0.67.2):
    - FBReactNativeSpec (= 0.67.2)
    - RCT-Folly (= 2021.06.28.00-v2)
    - RCTTypeSafety (= 0.67.2)
    - React-Core/RCTNetworkHeaders (= 0.67.2)
    - React-jsi (= 0.67.2)
    - ReactCommon/turbomodule/core (= 0.67.2)
  - React-RCTSettings (0.67.2):
    - FBReactNativeSpec (= 0.67.2)
    - RCT-Folly (= 2021.06.28.00-v2)
    - RCTTypeSafety (= 0.67.2)
    - React-Core/RCTSettingsHeaders (= 0.67.2)
    - React-jsi (= 0.67.2)
    - ReactCommon/turbomodule/core (= 0.67.2)
  - React-RCTText (0.67.2):
    - React-Core/RCTTextHeaders (= 0.67.2)
  - React-RCTVibration (0.67.2):
    - FBReactNativeSpec (= 0.67.2)
    - RCT-Folly (= 2021.06.28.00-v2)
    - React-Core/RCTVibrationHeaders (= 0.67.2)
    - React-jsi (= 0.67.2)
    - ReactCommon/turbomodule/core (= 0.67.2)
  - React-runtimeexecutor (0.67.2):
    - React-jsi (= 0.67.2)
  - ReactCommon/turbomodule/core (0.67.2):
    - DoubleConversion
    - glog
    - RCT-Folly (= 2021.06.28.00-v2)
    - React-callinvoker (= 0.67.2)
    - React-Core (= 0.67.2)
    - React-cxxreact (= 0.67.2)
    - React-jsi (= 0.67.2)
    - React-logger (= 0.67.2)
    - React-perflogger (= 0.67.2)
  - ReactNativeExceptionHandler (2.10.10):
    - React-Core
  - ReactNativeIncallManager (3.3.0):
    - React-Core
  - ReactNativeKeyboardTrackingView (5.7.0):
    - React
  - ReactNativeNavigation (7.25.1):
    - HMSegmentedControl
    - React-Core
    - React-RCTImage
    - React-RCTText
    - ReactNativeNavigation/Core (= 7.25.1)
  - ReactNativeNavigation/Core (7.25.1):
    - HMSegmentedControl
    - React-Core
    - React-RCTImage
    - React-RCTText
  - rn-fetch-blob (0.12.0):
    - React-Core
  - RNCAsyncStorage (1.15.17):
    - React-Core
  - RNCClipboard (1.5.1):
    - React-Core
  - RNCMaskedView (0.1.11):
    - React
  - RNDateTimePicker (5.1.0):
    - React-Core
  - RNDeviceInfo (8.4.8):
    - React-Core
  - RNFastImage (8.5.11):
    - React-Core
    - SDWebImage (~> 5.12.3)
    - SDWebImageWebPCoder (~> 0.8.4)
  - RNFileViewer (2.1.5):
    - React-Core
  - RNGestureHandler (2.2.0):
    - React-Core
  - RNKeychain (8.0.0):
    - React-Core
  - RNLocalize (2.1.9):
    - React-Core
  - RNMathView (1.0.0):
    - iosMath
  - RNPermissions (3.2.0):
    - React-Core
  - RNReactNativeHapticFeedback (1.13.0):
    - React-Core
  - RNReanimated (2.3.1):
    - DoubleConversion
    - FBLazyVector
    - FBReactNativeSpec
    - glog
    - RCT-Folly
    - RCTRequired
    - RCTTypeSafety
    - React
    - React-callinvoker
    - React-Core
    - React-Core/DevSupport
    - React-Core/RCTWebSocket
    - React-CoreModules
    - React-cxxreact
    - React-jsi
    - React-jsiexecutor
    - React-jsinspector
    - React-RCTActionSheet
    - React-RCTAnimation
    - React-RCTBlob
    - React-RCTImage
    - React-RCTLinking
    - React-RCTNetwork
    - React-RCTSettings
    - React-RCTText
    - ReactCommon/turbomodule/core
    - Yoga
  - RNRudderSdk (1.0.0):
    - React
    - Rudder (>= 1.2.1)
  - RNScreens (3.10.2):
    - React-Core
    - React-RCTImage
  - RNSentry (3.2.13):
    - React-Core
    - Sentry (= 7.9.0)
  - RNShare (7.3.4):
    - React-Core
  - RNSVG (12.1.1):
    - React
  - RNVectorIcons (9.0.0):
    - React-Core
  - Rudder (1.5.0)
  - SDWebImage (5.12.3):
    - SDWebImage/Core (= 5.12.3)
  - SDWebImage/Core (5.12.3)
  - SDWebImageWebPCoder (0.8.4):
    - libwebp (~> 1.0)
    - SDWebImage/Core (~> 5.10)
  - Sentry (7.9.0):
    - Sentry/Core (= 7.9.0)
  - Sentry/Core (7.9.0)
  - Swime (3.0.6)
  - XCDYouTubeKit (2.15.2)
  - Yoga (1.14.0)
  - YoutubePlayer-in-WKWebView (0.3.8)

DEPENDENCIES:
  - boost (from `../node_modules/react-native/third-party-podspecs/boost.podspec`)
  - BVLinearGradient (from `../node_modules/react-native-linear-gradient`)
  - DoubleConversion (from `../node_modules/react-native/third-party-podspecs/DoubleConversion.podspec`)
  - FBLazyVector (from `../node_modules/react-native/Libraries/FBLazyVector`)
  - FBReactNativeSpec (from `../node_modules/react-native/React/FBReactNativeSpec`)
  - glog (from `../node_modules/react-native/third-party-podspecs/glog.podspec`)
  - jail-monkey (from `../node_modules/jail-monkey`)
  - Permission-Camera (from `../node_modules/react-native-permissions/ios/Camera`)
  - Permission-MediaLibrary (from `../node_modules/react-native-permissions/ios/MediaLibrary`)
  - Permission-Microphone (from `../node_modules/react-native-permissions/ios/Microphone`)
  - Permission-Notifications (from `../node_modules/react-native-permissions/ios/Notifications`)
  - Permission-PhotoLibrary (from `../node_modules/react-native-permissions/ios/PhotoLibrary`)
  - Permission-PhotoLibraryAddOnly (from `../node_modules/react-native-permissions/ios/PhotoLibraryAddOnly`)
  - RCT-Folly (from `../node_modules/react-native/third-party-podspecs/RCT-Folly.podspec`)
  - RCTRequired (from `../node_modules/react-native/Libraries/RCTRequired`)
  - RCTTypeSafety (from `../node_modules/react-native/Libraries/TypeSafety`)
  - RCTYouTube (from `../node_modules/react-native-youtube`)
  - React (from `../node_modules/react-native/`)
  - React-callinvoker (from `../node_modules/react-native/ReactCommon/callinvoker`)
  - React-Core (from `../node_modules/react-native/`)
  - React-Core/DevSupport (from `../node_modules/react-native/`)
  - React-Core/RCTWebSocket (from `../node_modules/react-native/`)
  - React-CoreModules (from `../node_modules/react-native/React/CoreModules`)
  - React-cxxreact (from `../node_modules/react-native/ReactCommon/cxxreact`)
  - React-jsi (from `../node_modules/react-native/ReactCommon/jsi`)
  - React-jsiexecutor (from `../node_modules/react-native/ReactCommon/jsiexecutor`)
  - React-jsinspector (from `../node_modules/react-native/ReactCommon/jsinspector`)
  - React-logger (from `../node_modules/react-native/ReactCommon/logger`)
  - "react-native-cameraroll (from `../node_modules/@react-native-community/cameraroll`)"
  - "react-native-cookies (from `../node_modules/@react-native-cookies/cookies`)"
  - react-native-document-picker (from `../node_modules/react-native-document-picker`)
  - react-native-hw-keyboard-event (from `../node_modules/react-native-hw-keyboard-event`)
  - react-native-image-picker (from `../node_modules/react-native-image-picker`)
  - react-native-local-auth (from `../node_modules/react-native-local-auth`)
  - react-native-mmkv-storage (from `../node_modules/react-native-mmkv-storage`)
  - "react-native-netinfo (from `../node_modules/@react-native-community/netinfo`)"
  - react-native-notifications (from `../node_modules/react-native-notifications`)
  - react-native-passcode-status (from `../node_modules/react-native-passcode-status`)
  - "react-native-paste-input (from `../node_modules/@mattermost/react-native-paste-input`)"
  - react-native-safe-area (from `../node_modules/react-native-safe-area`)
  - react-native-safe-area-context (from `../node_modules/react-native-safe-area-context`)
  - react-native-startup-time (from `../node_modules/react-native-startup-time`)
  - react-native-video (from `../node_modules/react-native-video`)
  - react-native-webrtc (from `../node_modules/react-native-webrtc`)
  - react-native-webview (from `../node_modules/react-native-webview`)
  - React-perflogger (from `../node_modules/react-native/ReactCommon/reactperflogger`)
  - React-RCTActionSheet (from `../node_modules/react-native/Libraries/ActionSheetIOS`)
  - React-RCTAnimation (from `../node_modules/react-native/Libraries/NativeAnimation`)
  - React-RCTBlob (from `../node_modules/react-native/Libraries/Blob`)
  - React-RCTImage (from `../node_modules/react-native/Libraries/Image`)
  - React-RCTLinking (from `../node_modules/react-native/Libraries/LinkingIOS`)
  - React-RCTNetwork (from `../node_modules/react-native/Libraries/Network`)
  - React-RCTSettings (from `../node_modules/react-native/Libraries/Settings`)
  - React-RCTText (from `../node_modules/react-native/Libraries/Text`)
  - React-RCTVibration (from `../node_modules/react-native/Libraries/Vibration`)
  - React-runtimeexecutor (from `../node_modules/react-native/ReactCommon/runtimeexecutor`)
  - ReactCommon/turbomodule/core (from `../node_modules/react-native/ReactCommon`)
  - ReactNativeExceptionHandler (from `../node_modules/react-native-exception-handler`)
  - ReactNativeIncallManager (from `../node_modules/react-native-incall-manager`)
  - ReactNativeKeyboardTrackingView (from `../node_modules/react-native-keyboard-tracking-view`)
  - ReactNativeNavigation (from `../node_modules/react-native-navigation`)
  - rn-fetch-blob (from `../node_modules/rn-fetch-blob`)
  - "RNCAsyncStorage (from `../node_modules/@react-native-async-storage/async-storage`)"
  - "RNCClipboard (from `../node_modules/@react-native-community/clipboard`)"
  - "RNCMaskedView (from `../node_modules/@react-native-community/masked-view`)"
  - "RNDateTimePicker (from `../node_modules/@react-native-community/datetimepicker`)"
  - RNDeviceInfo (from `../node_modules/react-native-device-info`)
  - RNFastImage (from `../node_modules/react-native-fast-image`)
  - RNFileViewer (from `../node_modules/react-native-file-viewer`)
  - RNGestureHandler (from `../node_modules/react-native-gesture-handler`)
  - RNKeychain (from `../node_modules/react-native-keychain`)
  - RNLocalize (from `../node_modules/react-native-localize`)
  - RNMathView (from `../node_modules/react-native-math-view/ios`)
  - RNPermissions (from `../node_modules/react-native-permissions`)
  - RNReactNativeHapticFeedback (from `../node_modules/react-native-haptic-feedback`)
  - RNReanimated (from `../node_modules/react-native-reanimated`)
  - "RNRudderSdk (from `../node_modules/@rudderstack/rudder-sdk-react-native/ios`)"
  - RNScreens (from `../node_modules/react-native-screens`)
  - "RNSentry (from `../node_modules/@sentry/react-native`)"
  - RNShare (from `../node_modules/react-native-share`)
  - RNSVG (from `../node_modules/react-native-svg`)
  - RNVectorIcons (from `../node_modules/react-native-vector-icons`)
  - Swime (= 3.0.6)
  - XCDYouTubeKit (from `https://github.com/KODIKAS-NL/XCDYouTubeKit.git`, commit `7c5ea8fe159d096a8f2cdc88c29bb6e4ac79dcde`, branch `master`)
  - Yoga (from `../node_modules/react-native/ReactCommon/yoga`)

SPEC REPOS:
  trunk:
    - fmt
    - HMSegmentedControl
    - iosMath
    - libwebp
    - MMKV
    - MMKVCore
    - Rudder
    - SDWebImage
    - SDWebImageWebPCoder
    - Sentry
    - Swime
    - YoutubePlayer-in-WKWebView

EXTERNAL SOURCES:
  boost:
    :podspec: "../node_modules/react-native/third-party-podspecs/boost.podspec"
  BVLinearGradient:
    :path: "../node_modules/react-native-linear-gradient"
  DoubleConversion:
    :podspec: "../node_modules/react-native/third-party-podspecs/DoubleConversion.podspec"
  FBLazyVector:
    :path: "../node_modules/react-native/Libraries/FBLazyVector"
  FBReactNativeSpec:
    :path: "../node_modules/react-native/React/FBReactNativeSpec"
  glog:
    :podspec: "../node_modules/react-native/third-party-podspecs/glog.podspec"
  jail-monkey:
    :path: "../node_modules/jail-monkey"
  Permission-Camera:
    :path: "../node_modules/react-native-permissions/ios/Camera"
  Permission-MediaLibrary:
    :path: "../node_modules/react-native-permissions/ios/MediaLibrary"
  Permission-Microphone:
    :path: "../node_modules/react-native-permissions/ios/Microphone"
  Permission-Notifications:
    :path: "../node_modules/react-native-permissions/ios/Notifications"
  Permission-PhotoLibrary:
    :path: "../node_modules/react-native-permissions/ios/PhotoLibrary"
  Permission-PhotoLibraryAddOnly:
    :path: "../node_modules/react-native-permissions/ios/PhotoLibraryAddOnly"
  RCT-Folly:
    :podspec: "../node_modules/react-native/third-party-podspecs/RCT-Folly.podspec"
  RCTRequired:
    :path: "../node_modules/react-native/Libraries/RCTRequired"
  RCTTypeSafety:
    :path: "../node_modules/react-native/Libraries/TypeSafety"
  RCTYouTube:
    :path: "../node_modules/react-native-youtube"
  React:
    :path: "../node_modules/react-native/"
  React-callinvoker:
    :path: "../node_modules/react-native/ReactCommon/callinvoker"
  React-Core:
    :path: "../node_modules/react-native/"
  React-CoreModules:
    :path: "../node_modules/react-native/React/CoreModules"
  React-cxxreact:
    :path: "../node_modules/react-native/ReactCommon/cxxreact"
  React-jsi:
    :path: "../node_modules/react-native/ReactCommon/jsi"
  React-jsiexecutor:
    :path: "../node_modules/react-native/ReactCommon/jsiexecutor"
  React-jsinspector:
    :path: "../node_modules/react-native/ReactCommon/jsinspector"
  React-logger:
    :path: "../node_modules/react-native/ReactCommon/logger"
  react-native-cameraroll:
    :path: "../node_modules/@react-native-community/cameraroll"
  react-native-cookies:
    :path: "../node_modules/@react-native-cookies/cookies"
  react-native-document-picker:
    :path: "../node_modules/react-native-document-picker"
  react-native-hw-keyboard-event:
    :path: "../node_modules/react-native-hw-keyboard-event"
  react-native-image-picker:
    :path: "../node_modules/react-native-image-picker"
  react-native-local-auth:
    :path: "../node_modules/react-native-local-auth"
  react-native-mmkv-storage:
    :path: "../node_modules/react-native-mmkv-storage"
  react-native-netinfo:
    :path: "../node_modules/@react-native-community/netinfo"
  react-native-notifications:
    :path: "../node_modules/react-native-notifications"
  react-native-passcode-status:
    :path: "../node_modules/react-native-passcode-status"
  react-native-paste-input:
    :path: "../node_modules/@mattermost/react-native-paste-input"
  react-native-safe-area:
    :path: "../node_modules/react-native-safe-area"
  react-native-safe-area-context:
    :path: "../node_modules/react-native-safe-area-context"
  react-native-startup-time:
    :path: "../node_modules/react-native-startup-time"
  react-native-video:
    :path: "../node_modules/react-native-video"
  react-native-webrtc:
    :path: "../node_modules/react-native-webrtc"
  react-native-webview:
    :path: "../node_modules/react-native-webview"
  React-perflogger:
    :path: "../node_modules/react-native/ReactCommon/reactperflogger"
  React-RCTActionSheet:
    :path: "../node_modules/react-native/Libraries/ActionSheetIOS"
  React-RCTAnimation:
    :path: "../node_modules/react-native/Libraries/NativeAnimation"
  React-RCTBlob:
    :path: "../node_modules/react-native/Libraries/Blob"
  React-RCTImage:
    :path: "../node_modules/react-native/Libraries/Image"
  React-RCTLinking:
    :path: "../node_modules/react-native/Libraries/LinkingIOS"
  React-RCTNetwork:
    :path: "../node_modules/react-native/Libraries/Network"
  React-RCTSettings:
    :path: "../node_modules/react-native/Libraries/Settings"
  React-RCTText:
    :path: "../node_modules/react-native/Libraries/Text"
  React-RCTVibration:
    :path: "../node_modules/react-native/Libraries/Vibration"
  React-runtimeexecutor:
    :path: "../node_modules/react-native/ReactCommon/runtimeexecutor"
  ReactCommon:
    :path: "../node_modules/react-native/ReactCommon"
  ReactNativeExceptionHandler:
    :path: "../node_modules/react-native-exception-handler"
  ReactNativeIncallManager:
    :path: "../node_modules/react-native-incall-manager"
  ReactNativeKeyboardTrackingView:
    :path: "../node_modules/react-native-keyboard-tracking-view"
  ReactNativeNavigation:
    :path: "../node_modules/react-native-navigation"
  rn-fetch-blob:
    :path: "../node_modules/rn-fetch-blob"
  RNCAsyncStorage:
    :path: "../node_modules/@react-native-async-storage/async-storage"
  RNCClipboard:
    :path: "../node_modules/@react-native-community/clipboard"
  RNCMaskedView:
    :path: "../node_modules/@react-native-community/masked-view"
  RNDateTimePicker:
    :path: "../node_modules/@react-native-community/datetimepicker"
  RNDeviceInfo:
    :path: "../node_modules/react-native-device-info"
  RNFastImage:
    :path: "../node_modules/react-native-fast-image"
  RNFileViewer:
    :path: "../node_modules/react-native-file-viewer"
  RNGestureHandler:
    :path: "../node_modules/react-native-gesture-handler"
  RNKeychain:
    :path: "../node_modules/react-native-keychain"
  RNLocalize:
    :path: "../node_modules/react-native-localize"
  RNMathView:
    :path: "../node_modules/react-native-math-view/ios"
  RNPermissions:
    :path: "../node_modules/react-native-permissions"
  RNReactNativeHapticFeedback:
    :path: "../node_modules/react-native-haptic-feedback"
  RNReanimated:
    :path: "../node_modules/react-native-reanimated"
  RNRudderSdk:
    :path: "../node_modules/@rudderstack/rudder-sdk-react-native/ios"
  RNScreens:
    :path: "../node_modules/react-native-screens"
  RNSentry:
    :path: "../node_modules/@sentry/react-native"
  RNShare:
    :path: "../node_modules/react-native-share"
  RNSVG:
    :path: "../node_modules/react-native-svg"
  RNVectorIcons:
    :path: "../node_modules/react-native-vector-icons"
  XCDYouTubeKit:
    :branch: master
    :commit: 7c5ea8fe159d096a8f2cdc88c29bb6e4ac79dcde
    :git: https://github.com/KODIKAS-NL/XCDYouTubeKit.git
  Yoga:
    :path: "../node_modules/react-native/ReactCommon/yoga"

CHECKOUT OPTIONS:
  XCDYouTubeKit:
    :commit: a5cbd0b864c399dcf425a91e2409a49712924295
    :git: https://github.com/KODIKAS-NL/XCDYouTubeKit.git

SPEC CHECKSUMS:
  boost: a7c83b31436843459a1961bfd74b96033dc77234
  BVLinearGradient: e3aad03778a456d77928f594a649e96995f1c872
  DoubleConversion: 831926d9b8bf8166fd87886c4abab286c2422662
  FBLazyVector: 244195e30d63d7f564c55da4410b9a24e8fbceaa
  FBReactNativeSpec: c94002c1d93da3658f4d5119c6994d19961e3d52
  fmt: ff9d55029c625d3757ed641535fd4a75fedc7ce9
  glog: 85ecdd10ee8d8ec362ef519a6a45ff9aa27b2e85
  HMSegmentedControl: 34c1f54d822d8308e7b24f5d901ec674dfa31352
  iosMath: f7a6cbadf9d836d2149c2a84c435b1effc244cba
  jail-monkey: 07b83767601a373db876e939b8dbf3f5eb15f073
  libwebp: 98a37e597e40bfdb4c911fc98f2c53d0b12d05fc
  MMKV: 76033b9ace2006623308910a3afcc0e25eba3140
  MMKVCore: df0565f6b58463604731a68ba6cd89bc0b2d1d55
  Permission-Camera: 53efcbb755b0e8bdf253dbb27cc7559ccfce8480
  Permission-MediaLibrary: d35adbe2a069f2e16121fd79cf15959e86a3f74a
  Permission-Microphone: db557c64f7e9ad41bff6b3f6d93df3b67311855b
  Permission-Notifications: bb420c3d28328df24de1b476b41ed8249ccf2537
  Permission-PhotoLibrary: 7bec836dcdd04a0bfb200c314f1aae06d4476357
  Permission-PhotoLibraryAddOnly: 06fb0cdb1d35683b235ad8c464ef0ecc88859ea3
  RCT-Folly: 803a9cfd78114b2ec0f140cfa6fa2a6bafb2d685
  RCTRequired: cd47794163052d2b8318c891a7a14fcfaccc75ab
  RCTTypeSafety: 393bb40b3e357b224cde53d3fec26813c52428b1
  RCTYouTube: a8bb45705622a6fc9decf64be04128d3658ed411
  React: dec6476bc27155b250eeadfc11ea779265f53ebf
  React-callinvoker: e5047929e80aea942e6fdd96482504ef0189ca63
  React-Core: e382655566b2b9a6e3b4f641d777b7bfdbe52358
  React-CoreModules: cf262e82fa101c0aee022b6f90d1a5b612038b64
  React-cxxreact: 69d53de3b30c7c161ba087ca1ecdffed9ccb1039
  React-jsi: ce9a2d804adf75809ce2fe2374ba3fbbf5d59b03
  React-jsiexecutor: 52beb652bbc61201bd70cbe4f0b8edb607e8da4f
  React-jsinspector: 595f76eba2176ebd8817a1fffd47b84fbdab9383
  React-logger: 23de8ea0f44fa00ee77e96060273225607fd4d78
  react-native-cameraroll: 2957f2bce63ae896a848fbe0d5352c1bd4d20866
  react-native-cookies: cd92f3824ed1e32a20802e8185101e14bb5b76da
  react-native-document-picker: 429972f7ece4463aa5bcdd789622b3a674a3c5d1
  react-native-hw-keyboard-event: b517cefb8d5c659a38049c582de85ff43337dc53
  react-native-image-picker: 4e6008ad8c2321622affa2c85432a5ebd02d480c
  react-native-local-auth: 49d336dcf0cb0268a930100013a6525844093844
  react-native-mmkv-storage: 2b57ca101fae52428f6cef6552793f83c0cdbc46
  react-native-netinfo: 87e5bfaf21ea5c6c110941290aa481dd8e849f98
  react-native-notifications: 805108822ceff3440644d5701944f0cda35f5b4b
  react-native-passcode-status: e78f76b3c8db613e6ced6bd40b54aa4f53374173
  react-native-paste-input: 80c06e2c5c65afd696f9bd43cfd371141d8b3a1b
  react-native-safe-area: e8230b0017d76c00de6b01e2412dcf86b127c6a3
  react-native-safe-area-context: 584dc04881deb49474363f3be89e4ca0e854c057
  react-native-startup-time: 1a068b744ce5097a85ebe0fbff691b05961c324d
  react-native-video: a4c2635d0802f983594b7057e1bce8f442f0ad28
  react-native-webrtc: 86d841823e66d68cc1f86712db1c2956056bf0c2
  react-native-webview: 162b6453d074e0b1c7025242bb7a939b6f72b9e7
  React-perflogger: 3c9bb7372493e49036f07a82c44c8cf65cbe88db
  React-RCTActionSheet: 052606483045a408693aa7e864410b4a052f541a
  React-RCTAnimation: 08d4cac13222bb1348c687a0158dfd3b577cdb63
  React-RCTBlob: 928ad1df65219c3d9e2ac80983b943a75b5c3629
  React-RCTImage: 524d7313b142a39ee0e20fa312b67277917fe076
  React-RCTLinking: 44036ea6f13a2e46238be07a67566247fee35244
  React-RCTNetwork: 9b6faacf1e0789253e319ca53b1f8d92c2ac5455
  React-RCTSettings: ecd8094f831130a49581d5112a8607220e5d12a5
  React-RCTText: 14ba976fb48ed283cfdb1a754a5d4276471e0152
  React-RCTVibration: 99c7f67fba7a5ade46e98e870c6ff2444484f995
  React-runtimeexecutor: 2450b43df7ffe8e805a0b3dcb2abd4282f1f1836
  ReactCommon: d98c6c96b567f9b3a15f9fd4cc302c1eda8e3cf2
  ReactNativeExceptionHandler: b11ff67c78802b2f62eed0e10e75cb1ef7947c60
  ReactNativeIncallManager: 642c22630caadff0a0619413aff4a9da08d63df9
  ReactNativeKeyboardTrackingView: 02137fac3b2ebd330d74fa54ead48b14750a2306
  ReactNativeNavigation: 6e747bdf88f138088a105285274170b3fc0404ed
  rn-fetch-blob: 17961aec08caae68bb8fc0e5b40f93b3acfa6932
  RNCAsyncStorage: 6bd5a7ba3dde1c3facba418aa273f449bdc5437a
  RNCClipboard: 41d8d918092ae8e676f18adada19104fa3e68495
  RNCMaskedView: 0e1bc4bfa8365eba5fbbb71e07fbdc0555249489
  RNDateTimePicker: 1dd15d7ed1ab7d999056bc77879a42920d139c12
  RNDeviceInfo: 0400a6d0c94186d1120c3cbd97b23abc022187a9
  RNFastImage: cced864a4a2eac27c5c10ac16bd5e8b9d2be4504
  RNFileViewer: ce7ca3ac370e18554d35d6355cffd7c30437c592
  RNGestureHandler: bf572f552ea324acd5b5464b8d30755b2d8c1de6
  RNKeychain: 4f63aada75ebafd26f4bc2c670199461eab85d94
  RNLocalize: 291e5e21b53cd30b5205c10ed95d31b0dc9b8d63
  RNMathView: 4c8a3c081fa671ab3136c51fa0bdca7ffb708bd5
  RNPermissions: f7ebe52db07c00901127966ca080b4ec6a6ceb0a
  RNReactNativeHapticFeedback: b83bfb4b537bdd78eb4f6ffe63c6884f7b049ead
  RNReanimated: 1326679461fa5d2399d54c18ca1432ba3e816b9e
  RNRudderSdk: 1a629f815632d62459ea1add0fd4e853598d34a5
  RNScreens: d6da2b9e29cf523832c2542f47bf1287318b1868
  RNSentry: 0aa1567f66c20390f3834637fc4f73380dcd0774
  RNShare: 571c863ce31152bee8396f7b17723d63bcfcbc63
  RNSVG: 551acb6562324b1d52a4e0758f7ca0ec234e278f
  RNVectorIcons: 4143ba35feebab8fdbe6bc43d1e776b393d47ac8
  Rudder: 95d023a3a4ec1e8d6bd15963e84f78707b13d9c3
  SDWebImage: 53179a2dba77246efa8a9b85f5c5b21f8f43e38f
  SDWebImageWebPCoder: f93010f3f6c031e2f8fb3081ca4ee6966c539815
  Sentry: 2f7e91f247cfb05b05bd01e0b5d0692557a7687b
  Swime: d7b2c277503b6cea317774aedc2dce05613f8b0b
  XCDYouTubeKit: b120aced3d8638ffb570c5450cddb5a1dac448c7
  Yoga: 9b6696970c3289e8dea34b3eda93f23e61fb8121
  YoutubePlayer-in-WKWebView: 4fca3b4f6f09940077bfbae7bddb771f2b43aacd

PODFILE CHECKSUM: 8214414d5676358401d8ad51dff19e7fd8c71b5c

COCOAPODS: 1.11.2
