{
  "name": "@mattermost/e2ee",
  "version": "0.0.0",
  "lockfileVersion": 3,
  "requires": true,
  "packages": {
    "": {
      "name": "@mattermost/e2ee",
      "version": "0.0.0",
      "license": "Apache 2.0",
      "devDependencies": {
        "uniffi-bindgen-react-native": "^0.29.3-1"
      }
    },
    "node_modules/uniffi-bindgen-react-native": {
      "version": "0.29.3-1",
      "resolved": "https://registry.npmjs.org/uniffi-bindgen-react-native/-/uniffi-bindgen-react-native-0.29.3-1.tgz",
      "integrity": "sha512-o6gXZsAh55yuvhwF2WSFdIHV4phyfWcCmg4DuyfJWJ7CvUz1UcIz2S4u9SmXAz1jsuqvu6Xc9hexrRBB0a5osg==",
      "dev": true,
      "license": "MPL-2.0",
      "bin": {
        "ubrn": "bin/cli.cjs",
        "uniffi-bindgen-react-native": "bin/cli.cjs"
      }
    }
  }
}
